
Microsoft Visual Studio Solution File, Format Version 12.00
# Visual Studio Version 17
VisualStudioVersion = 17.0.31512.422
MinimumVisualStudioVersion = 10.0.40219.1
Project("{FAE04EC0-301F-11D3-BF4B-00C04F79EFBC}") = "Sayisalİslemler", "Sayisalİslemler\Sayisalİslemler.csproj", "{D16F2E2C-0830-487D-AB02-BB307D0DE201}"
EndProject
Global
	GlobalSection(SolutionConfigurationPlatforms) = preSolution
		Debug|Any CPU = Debug|Any CPU
		Release|Any CPU = Release|Any CPU
	EndGlobalSection
	GlobalSection(ProjectConfigurationPlatforms) = postSolution
		{D16F2E2C-0830-487D-AB02-BB307D0DE201}.Debug|Any CPU.ActiveCfg = Debug|Any CPU
		{D16F2E2C-0830-487D-AB02-BB307D0DE201}.Debug|Any CPU.Build.0 = Debug|Any CPU
		{D16F2E2C-0830-487D-AB02-BB307D0DE201}.Release|Any CPU.ActiveCfg = Release|Any CPU
		{D16F2E2C-0830-487D-AB02-BB307D0DE201}.Release|Any CPU.Build.0 = Release|Any CPU
	EndGlobalSection
	GlobalSection(SolutionProperties) = preSolution
		HideSolutionNode = FALSE
	EndGlobalSection
	GlobalSection(ExtensibilityGlobals) = postSolution
		SolutionGuid = {E3907FF1-2F4C-4F1C-A0A6-30087DB60789}
	EndGlobalSection
EndGlobal
