
Microsoft Visual Studio Solution File, Format Version 12.00
# Visual Studio Version 17
VisualStudioVersion = 17.0.31612.314
MinimumVisualStudioVersion = 10.0.40219.1
Project("{FAE04EC0-301F-11D3-BF4B-00C04F79EFBC}") = "Ders 58 Metro FrameWork Tile Kullanımı", "Ders 58 Metro FrameWork Tile Kullanımı\Ders 58 Metro FrameWork Tile Kullanımı.csproj", "{42919E88-3F93-4599-B616-1CD7CBAC18DD}"
EndProject
Global
	GlobalSection(SolutionConfigurationPlatforms) = preSolution
		Debug|Any CPU = Debug|Any CPU
		Release|Any CPU = Release|Any CPU
	EndGlobalSection
	GlobalSection(ProjectConfigurationPlatforms) = postSolution
		{42919E88-3F93-4599-B616-1CD7CBAC18DD}.Debug|Any CPU.ActiveCfg = Debug|Any CPU
		{42919E88-3F93-4599-B616-1CD7CBAC18DD}.Debug|Any CPU.Build.0 = Debug|Any CPU
		{42919E88-3F93-4599-B616-1CD7CBAC18DD}.Release|Any CPU.ActiveCfg = Release|Any CPU
		{42919E88-3F93-4599-B616-1CD7CBAC18DD}.Release|Any CPU.Build.0 = Release|Any CPU
	EndGlobalSection
	GlobalSection(SolutionProperties) = preSolution
		HideSolutionNode = FALSE
	EndGlobalSection
	GlobalSection(ExtensibilityGlobals) = postSolution
		SolutionGuid = {B9173FB1-27C0-4EBF-9797-5F81C3D66F0D}
	EndGlobalSection
EndGlobal
