
Microsoft Visual Studio Solution File, Format Version 12.00
# Visual Studio Version 17
VisualStudioVersion = 17.0.31612.314
MinimumVisualStudioVersion = 10.0.40219.1
Project("{FAE04EC0-301F-11D3-BF4B-00C04F79EFBC}") = "Ders 27 Delegate", "Ders 27 Delegate\Ders 27 Delegate.csproj", "{B9106822-CD85-4D2F-812F-BA0874AA5551}"
EndProject
Global
	GlobalSection(SolutionConfigurationPlatforms) = preSolution
		Debug|Any CPU = Debug|Any CPU
		Release|Any CPU = Release|Any CPU
	EndGlobalSection
	GlobalSection(ProjectConfigurationPlatforms) = postSolution
		{B9106822-CD85-4D2F-812F-BA0874AA5551}.Debug|Any CPU.ActiveCfg = Debug|Any CPU
		{B9106822-CD85-4D2F-812F-BA0874AA5551}.Debug|Any CPU.Build.0 = Debug|Any CPU
		{B9106822-CD85-4D2F-812F-BA0874AA5551}.Release|Any CPU.ActiveCfg = Release|Any CPU
		{B9106822-CD85-4D2F-812F-BA0874AA5551}.Release|Any CPU.Build.0 = Release|Any CPU
	EndGlobalSection
	GlobalSection(SolutionProperties) = preSolution
		HideSolutionNode = FALSE
	EndGlobalSection
	GlobalSection(ExtensibilityGlobals) = postSolution
		SolutionGuid = {57B968A7-F91F-48B6-8F56-E41ACEE6EB41}
	EndGlobalSection
EndGlobal
