
Microsoft Visual Studio Solution File, Format Version 12.00
# Visual Studio Version 17
VisualStudioVersion = 17.3.32929.385
MinimumVisualStudioVersion = 10.0.40219.1
Project("{FAE04EC0-301F-11D3-BF4B-00C04F79EFBC}") = "Many_to_Many", "Many_to_Many\Many_to_Many.csproj", "{8A360283-5CD8-4B66-857D-CF8C3E0AF317}"
EndProject
Global
	GlobalSection(SolutionConfigurationPlatforms) = preSolution
		Debug|Any CPU = Debug|Any CPU
		Release|Any CPU = Release|Any CPU
	EndGlobalSection
	GlobalSection(ProjectConfigurationPlatforms) = postSolution
		{8A360283-5CD8-4B66-857D-CF8C3E0AF317}.Debug|Any CPU.ActiveCfg = Debug|Any CPU
		{8A360283-5CD8-4B66-857D-CF8C3E0AF317}.Debug|Any CPU.Build.0 = Debug|Any CPU
		{8A360283-5CD8-4B66-857D-CF8C3E0AF317}.Release|Any CPU.ActiveCfg = Release|Any CPU
		{8A360283-5CD8-4B66-857D-CF8C3E0AF317}.Release|Any CPU.Build.0 = Release|Any CPU
	EndGlobalSection
	GlobalSection(SolutionProperties) = preSolution
		HideSolutionNode = FALSE
	EndGlobalSection
	GlobalSection(ExtensibilityGlobals) = postSolution
		SolutionGuid = {9CE61DA7-D183-49C0-BD4D-C091DEA5D4CB}
	EndGlobalSection
EndGlobal
