
Microsoft Visual Studio Solution File, Format Version 12.00
# Visual Studio Version 17
VisualStudioVersion = 17.2.32630.192
MinimumVisualStudioVersion = 10.0.40219.1
Project("{FAE04EC0-301F-11D3-BF4B-00C04F79EFBC}") = "ModulerTasarim", "ModulerTasarim\ModulerTasarim.csproj", "{E272D705-ECEC-4B38-8CEE-6E75EA0B197B}"
EndProject
Global
	GlobalSection(SolutionConfigurationPlatforms) = preSolution
		Debug|Any CPU = Debug|Any CPU
		Release|Any CPU = Release|Any CPU
	EndGlobalSection
	GlobalSection(ProjectConfigurationPlatforms) = postSolution
		{E272D705-ECEC-4B38-8CEE-6E75EA0B197B}.Debug|Any CPU.ActiveCfg = Debug|Any CPU
		{E272D705-ECEC-4B38-8CEE-6E75EA0B197B}.Debug|Any CPU.Build.0 = Debug|Any CPU
		{E272D705-ECEC-4B38-8CEE-6E75EA0B197B}.Release|Any CPU.ActiveCfg = Release|Any CPU
		{E272D705-ECEC-4B38-8CEE-6E75EA0B197B}.Release|Any CPU.Build.0 = Release|Any CPU
	EndGlobalSection
	GlobalSection(SolutionProperties) = preSolution
		HideSolutionNode = FALSE
	EndGlobalSection
	GlobalSection(ExtensibilityGlobals) = postSolution
		SolutionGuid = {C66F1CD0-BE9A-4027-940B-F9DC72BBC999}
	EndGlobalSection
EndGlobal
