
Microsoft Visual Studio Solution File, Format Version 12.00
# Visual Studio Version 17
VisualStudioVersion = 17.0.31512.422
MinimumVisualStudioVersion = 10.0.40219.1
Project("{FAE04EC0-301F-11D3-BF4B-00C04F79EFBC}") = "TaraftarTimer", "TaraftarTimer\TaraftarTimer.csproj", "{D750233F-FF0B-4255-9ABF-D66BF0B134FC}"
EndProject
Global
	GlobalSection(SolutionConfigurationPlatforms) = preSolution
		Debug|Any CPU = Debug|Any CPU
		Release|Any CPU = Release|Any CPU
	EndGlobalSection
	GlobalSection(ProjectConfigurationPlatforms) = postSolution
		{D750233F-FF0B-4255-9ABF-D66BF0B134FC}.Debug|Any CPU.ActiveCfg = Debug|Any CPU
		{D750233F-FF0B-4255-9ABF-D66BF0B134FC}.Debug|Any CPU.Build.0 = Debug|Any CPU
		{D750233F-FF0B-4255-9ABF-D66BF0B134FC}.Release|Any CPU.ActiveCfg = Release|Any CPU
		{D750233F-FF0B-4255-9ABF-D66BF0B134FC}.Release|Any CPU.Build.0 = Release|Any CPU
	EndGlobalSection
	GlobalSection(SolutionProperties) = preSolution
		HideSolutionNode = FALSE
	EndGlobalSection
	GlobalSection(ExtensibilityGlobals) = postSolution
		SolutionGuid = {D8C4DCB1-656D-451F-80F7-7B187F885470}
	EndGlobalSection
EndGlobal
