
Microsoft Visual Studio Solution File, Format Version 12.00
# Visual Studio Version 17
VisualStudioVersion = 17.0.31612.314
MinimumVisualStudioVersion = 10.0.40219.1
Project("{FAE04EC0-301F-11D3-BF4B-00C04F79EFBC}") = "Ders 28 Event - 1", "Ders 28 Event - 1\Ders 28 Event - 1.csproj", "{78290425-ACC0-46B9-BB27-0B076765762F}"
EndProject
Global
	GlobalSection(SolutionConfigurationPlatforms) = preSolution
		Debug|Any CPU = Debug|Any CPU
		Release|Any CPU = Release|Any CPU
	EndGlobalSection
	GlobalSection(ProjectConfigurationPlatforms) = postSolution
		{78290425-ACC0-46B9-BB27-0B076765762F}.Debug|Any CPU.ActiveCfg = Debug|Any CPU
		{78290425-ACC0-46B9-BB27-0B076765762F}.Debug|Any CPU.Build.0 = Debug|Any CPU
		{78290425-ACC0-46B9-BB27-0B076765762F}.Release|Any CPU.ActiveCfg = Release|Any CPU
		{78290425-ACC0-46B9-BB27-0B076765762F}.Release|Any CPU.Build.0 = Release|Any CPU
	EndGlobalSection
	GlobalSection(SolutionProperties) = preSolution
		HideSolutionNode = FALSE
	EndGlobalSection
	GlobalSection(ExtensibilityGlobals) = postSolution
		SolutionGuid = {8CB37C6A-6313-4B23-AABA-22646DA7E3E5}
	EndGlobalSection
EndGlobal
