
Microsoft Visual Studio Solution File, Format Version 12.00
# Visual Studio Version 17
VisualStudioVersion = 17.3.32819.101
MinimumVisualStudioVersion = 10.0.40219.1
Project("{FAE04EC0-301F-11D3-BF4B-00C04F79EFBC}") = "Encapsulation", "Encapsulation.csproj", "{3CCA2DD0-8D19-4A2C-8239-B927EE2C3339}"
EndProject
Global
	GlobalSection(SolutionConfigurationPlatforms) = preSolution
		Debug|Any CPU = Debug|Any CPU
		Release|Any CPU = Release|Any CPU
	EndGlobalSection
	GlobalSection(ProjectConfigurationPlatforms) = postSolution
		{3CCA2DD0-8D19-4A2C-8239-B927EE2C3339}.Debug|Any CPU.ActiveCfg = Debug|Any CPU
		{3CCA2DD0-8D19-4A2C-8239-B927EE2C3339}.Debug|Any CPU.Build.0 = Debug|Any CPU
		{3CCA2DD0-8D19-4A2C-8239-B927EE2C3339}.Release|Any CPU.ActiveCfg = Release|Any CPU
		{3CCA2DD0-8D19-4A2C-8239-B927EE2C3339}.Release|Any CPU.Build.0 = Release|Any CPU
	EndGlobalSection
	GlobalSection(SolutionProperties) = preSolution
		HideSolutionNode = FALSE
	EndGlobalSection
	GlobalSection(ExtensibilityGlobals) = postSolution
		SolutionGuid = {03BF9C0D-55A6-4829-8F4C-F79C5A7D9780}
	EndGlobalSection
EndGlobal
