
Microsoft Visual Studio Solution File, Format Version 12.00
# Visual Studio Version 17
VisualStudioVersion = 17.0.31612.314
MinimumVisualStudioVersion = 10.0.40219.1
Project("{FAE04EC0-301F-11D3-BF4B-00C04F79EFBC}") = "Ders 59 Modern Login UI ~ 1", "Ders 59 Modern Login UI ~ 1\Ders 59 Modern Login UI ~ 1.csproj", "{05A4A4DA-2F0B-4865-9BA9-59F9A6643862}"
EndProject
Global
	GlobalSection(SolutionConfigurationPlatforms) = preSolution
		Debug|Any CPU = Debug|Any CPU
		Release|Any CPU = Release|Any CPU
	EndGlobalSection
	GlobalSection(ProjectConfigurationPlatforms) = postSolution
		{05A4A4DA-2F0B-4865-9BA9-59F9A6643862}.Debug|Any CPU.ActiveCfg = Debug|Any CPU
		{05A4A4DA-2F0B-4865-9BA9-59F9A6643862}.Debug|Any CPU.Build.0 = Debug|Any CPU
		{05A4A4DA-2F0B-4865-9BA9-59F9A6643862}.Release|Any CPU.ActiveCfg = Release|Any CPU
		{05A4A4DA-2F0B-4865-9BA9-59F9A6643862}.Release|Any CPU.Build.0 = Release|Any CPU
	EndGlobalSection
	GlobalSection(SolutionProperties) = preSolution
		HideSolutionNode = FALSE
	EndGlobalSection
	GlobalSection(ExtensibilityGlobals) = postSolution
		SolutionGuid = {B1053D07-1D76-4A9A-AD04-2B9927C9B394}
	EndGlobalSection
EndGlobal
