
Microsoft Visual Studio Solution File, Format Version 12.00
# Visual Studio Version 17
VisualStudioVersion = 17.4.33110.190
MinimumVisualStudioVersion = 10.0.40219.1
Project("{FAE04EC0-301F-11D3-BF4B-00C04F79EFBC}") = "Functions", "Functions\Functions.csproj", "{8DF194F6-D411-4DF5-AA70-8DDA46C71A4A}"
EndProject
Global
	GlobalSection(SolutionConfigurationPlatforms) = preSolution
		Debug|Any CPU = Debug|Any CPU
		Release|Any CPU = Release|Any CPU
	EndGlobalSection
	GlobalSection(ProjectConfigurationPlatforms) = postSolution
		{8DF194F6-D411-4DF5-AA70-8DDA46C71A4A}.Debug|Any CPU.ActiveCfg = Debug|Any CPU
		{8DF194F6-D411-4DF5-AA70-8DDA46C71A4A}.Debug|Any CPU.Build.0 = Debug|Any CPU
		{8DF194F6-D411-4DF5-AA70-8DDA46C71A4A}.Release|Any CPU.ActiveCfg = Release|Any CPU
		{8DF194F6-D411-4DF5-AA70-8DDA46C71A4A}.Release|Any CPU.Build.0 = Release|Any CPU
	EndGlobalSection
	GlobalSection(SolutionProperties) = preSolution
		HideSolutionNode = FALSE
	EndGlobalSection
	GlobalSection(ExtensibilityGlobals) = postSolution
		SolutionGuid = {CD1E514E-D7AC-4083-A39E-F16648271602}
	EndGlobalSection
EndGlobal
