
Microsoft Visual Studio Solution File, Format Version 12.00
# Visual Studio Version 17
VisualStudioVersion = 17.0.31521.260
MinimumVisualStudioVersion = 10.0.40219.1
Project("{FAE04EC0-301F-11D3-BF4B-00C04F79EFBC}") = "Köstebek Oyunu", "Köstebek Oyunu\Köstebek Oyunu.csproj", "{0E1BDBB4-04BB-4CEA-9EDB-77B25E0CCAA8}"
EndProject
Global
	GlobalSection(SolutionConfigurationPlatforms) = preSolution
		Debug|Any CPU = Debug|Any CPU
		Release|Any CPU = Release|Any CPU
	EndGlobalSection
	GlobalSection(ProjectConfigurationPlatforms) = postSolution
		{0E1BDBB4-04BB-4CEA-9EDB-77B25E0CCAA8}.Debug|Any CPU.ActiveCfg = Debug|Any CPU
		{0E1BDBB4-04BB-4CEA-9EDB-77B25E0CCAA8}.Debug|Any CPU.Build.0 = Debug|Any CPU
		{0E1BDBB4-04BB-4CEA-9EDB-77B25E0CCAA8}.Release|Any CPU.ActiveCfg = Release|Any CPU
		{0E1BDBB4-04BB-4CEA-9EDB-77B25E0CCAA8}.Release|Any CPU.Build.0 = Release|Any CPU
	EndGlobalSection
	GlobalSection(SolutionProperties) = preSolution
		HideSolutionNode = FALSE
	EndGlobalSection
	GlobalSection(ExtensibilityGlobals) = postSolution
		SolutionGuid = {4BEE591C-9E33-4168-9A25-9A725226E619}
	EndGlobalSection
EndGlobal
