
Microsoft Visual Studio Solution File, Format Version 12.00
# Visual Studio Version 17
VisualStudioVersion = 17.2.32630.192
MinimumVisualStudioVersion = 10.0.40219.1
Project("{FAE04EC0-301F-11D3-BF4B-00C04F79EFBC}") = "viewModelExample", "viewModelExample\viewModelExample.csproj", "{B199AFDD-B044-4AD6-AC25-046504964483}"
EndProject
Global
	GlobalSection(SolutionConfigurationPlatforms) = preSolution
		Debug|Any CPU = Debug|Any CPU
		Release|Any CPU = Release|Any CPU
	EndGlobalSection
	GlobalSection(ProjectConfigurationPlatforms) = postSolution
		{B199AFDD-B044-4AD6-AC25-046504964483}.Debug|Any CPU.ActiveCfg = Debug|Any CPU
		{B199AFDD-B044-4AD6-AC25-046504964483}.Debug|Any CPU.Build.0 = Debug|Any CPU
		{B199AFDD-B044-4AD6-AC25-046504964483}.Release|Any CPU.ActiveCfg = Release|Any CPU
		{B199AFDD-B044-4AD6-AC25-046504964483}.Release|Any CPU.Build.0 = Release|Any CPU
	EndGlobalSection
	GlobalSection(SolutionProperties) = preSolution
		HideSolutionNode = FALSE
	EndGlobalSection
	GlobalSection(ExtensibilityGlobals) = postSolution
		SolutionGuid = {BC86E623-B5DF-4D85-BF07-AC6E5CF934C9}
	EndGlobalSection
EndGlobal
