
Microsoft Visual Studio Solution File, Format Version 12.00
# Visual Studio Version 17
VisualStudioVersion = 17.0.31521.260
MinimumVisualStudioVersion = 10.0.40219.1
Project("{FAE04EC0-301F-11D3-BF4B-00C04F79EFBC}") = "Progress Bar-1", "Progress Bar-1\Progress Bar-1.csproj", "{7B768A63-8653-4122-B5A4-2D1101BB3325}"
EndProject
Global
	GlobalSection(SolutionConfigurationPlatforms) = preSolution
		Debug|Any CPU = Debug|Any CPU
		Release|Any CPU = Release|Any CPU
	EndGlobalSection
	GlobalSection(ProjectConfigurationPlatforms) = postSolution
		{7B768A63-8653-4122-B5A4-2D1101BB3325}.Debug|Any CPU.ActiveCfg = Debug|Any CPU
		{7B768A63-8653-4122-B5A4-2D1101BB3325}.Debug|Any CPU.Build.0 = Debug|Any CPU
		{7B768A63-8653-4122-B5A4-2D1101BB3325}.Release|Any CPU.ActiveCfg = Release|Any CPU
		{7B768A63-8653-4122-B5A4-2D1101BB3325}.Release|Any CPU.Build.0 = Release|Any CPU
	EndGlobalSection
	GlobalSection(SolutionProperties) = preSolution
		HideSolutionNode = FALSE
	EndGlobalSection
	GlobalSection(ExtensibilityGlobals) = postSolution
		SolutionGuid = {97596323-875A-45F7-8760-6FCB67F3CA9E}
	EndGlobalSection
EndGlobal
