
Microsoft Visual Studio Solution File, Format Version 12.00
# Visual Studio Version 17
VisualStudioVersion = 17.3.32922.545
MinimumVisualStudioVersion = 10.0.40219.1
Project("{FAE04EC0-301F-11D3-BF4B-00C04F79EFBC}") = "ORM_SQL_İzalasyonu", "ORM_SQL_İzalasyonu.csproj", "{8FE2A633-D1CA-4EAA-866D-7E958018221D}"
EndProject
Global
	GlobalSection(SolutionConfigurationPlatforms) = preSolution
		Debug|Any CPU = Debug|Any CPU
		Release|Any CPU = Release|Any CPU
	EndGlobalSection
	GlobalSection(ProjectConfigurationPlatforms) = postSolution
		{8FE2A633-D1CA-4EAA-866D-7E958018221D}.Debug|Any CPU.ActiveCfg = Debug|Any CPU
		{8FE2A633-D1CA-4EAA-866D-7E958018221D}.Debug|Any CPU.Build.0 = Debug|Any CPU
		{8FE2A633-D1CA-4EAA-866D-7E958018221D}.Release|Any CPU.ActiveCfg = Release|Any CPU
		{8FE2A633-D1CA-4EAA-866D-7E958018221D}.Release|Any CPU.Build.0 = Release|Any CPU
	EndGlobalSection
	GlobalSection(SolutionProperties) = preSolution
		HideSolutionNode = FALSE
	EndGlobalSection
	GlobalSection(ExtensibilityGlobals) = postSolution
		SolutionGuid = {BE50650D-8B70-40EE-9F73-3F6649854B85}
	EndGlobalSection
EndGlobal
