
Microsoft Visual Studio Solution File, Format Version 12.00
# Visual Studio Version 16
VisualStudioVersion = 16.0.31515.178
MinimumVisualStudioVersion = 10.0.40219.1
Project("{FAE04EC0-301F-11D3-BF4B-00C04F79EFBC}") = "Takvim Örnek Uygulama", "Takvim Örnek Uygulama\Takvim Örnek Uygulama.csproj", "{6E8ED335-BEDF-4B57-8E9A-DE21B9A9C99E}"
EndProject
Global
	GlobalSection(SolutionConfigurationPlatforms) = preSolution
		Debug|Any CPU = Debug|Any CPU
		Release|Any CPU = Release|Any CPU
	EndGlobalSection
	GlobalSection(ProjectConfigurationPlatforms) = postSolution
		{6E8ED335-BEDF-4B57-8E9A-DE21B9A9C99E}.Debug|Any CPU.ActiveCfg = Debug|Any CPU
		{6E8ED335-BEDF-4B57-8E9A-DE21B9A9C99E}.Debug|Any CPU.Build.0 = Debug|Any CPU
		{6E8ED335-BEDF-4B57-8E9A-DE21B9A9C99E}.Release|Any CPU.ActiveCfg = Release|Any CPU
		{6E8ED335-BEDF-4B57-8E9A-DE21B9A9C99E}.Release|Any CPU.Build.0 = Release|Any CPU
	EndGlobalSection
	GlobalSection(SolutionProperties) = preSolution
		HideSolutionNode = FALSE
	EndGlobalSection
	GlobalSection(ExtensibilityGlobals) = postSolution
		SolutionGuid = {1291570D-4C63-4DDA-A919-B01A39C1D15C}
	EndGlobalSection
EndGlobal
