
Microsoft Visual Studio Solution File, Format Version 12.00
# Visual Studio Version 17
VisualStudioVersion = 17.3.32819.101
MinimumVisualStudioVersion = 10.0.40219.1
Project("{FAE04EC0-301F-11D3-BF4B-00C04F79EFBC}") = "Deconstruct", "Deconstruct.csproj", "{A286EDE4-3942-4456-A8B0-F6D3D5AA967C}"
EndProject
Global
	GlobalSection(SolutionConfigurationPlatforms) = preSolution
		Debug|Any CPU = Debug|Any CPU
		Release|Any CPU = Release|Any CPU
	EndGlobalSection
	GlobalSection(ProjectConfigurationPlatforms) = postSolution
		{A286EDE4-3942-4456-A8B0-F6D3D5AA967C}.Debug|Any CPU.ActiveCfg = Debug|Any CPU
		{A286EDE4-3942-4456-A8B0-F6D3D5AA967C}.Debug|Any CPU.Build.0 = Debug|Any CPU
		{A286EDE4-3942-4456-A8B0-F6D3D5AA967C}.Release|Any CPU.ActiveCfg = Release|Any CPU
		{A286EDE4-3942-4456-A8B0-F6D3D5AA967C}.Release|Any CPU.Build.0 = Release|Any CPU
	EndGlobalSection
	GlobalSection(SolutionProperties) = preSolution
		HideSolutionNode = FALSE
	EndGlobalSection
	GlobalSection(ExtensibilityGlobals) = postSolution
		SolutionGuid = {64EB3BB1-8DA6-4941-9962-622BE9B7D613}
	EndGlobalSection
EndGlobal
