
Microsoft Visual Studio Solution File, Format Version 12.00
# Visual Studio Version 17
VisualStudioVersion = 17.3.32819.101
MinimumVisualStudioVersion = 10.0.40219.1
Project("{FAE04EC0-301F-11D3-BF4B-00C04F79EFBC}") = "ReferansNesne", "ReferansNesne.csproj", "{4E0D8506-1C53-46D0-AC99-6D368D39996A}"
EndProject
Global
	GlobalSection(SolutionConfigurationPlatforms) = preSolution
		Debug|Any CPU = Debug|Any CPU
		Release|Any CPU = Release|Any CPU
	EndGlobalSection
	GlobalSection(ProjectConfigurationPlatforms) = postSolution
		{4E0D8506-1C53-46D0-AC99-6D368D39996A}.Debug|Any CPU.ActiveCfg = Debug|Any CPU
		{4E0D8506-1C53-46D0-AC99-6D368D39996A}.Debug|Any CPU.Build.0 = Debug|Any CPU
		{4E0D8506-1C53-46D0-AC99-6D368D39996A}.Release|Any CPU.ActiveCfg = Release|Any CPU
		{4E0D8506-1C53-46D0-AC99-6D368D39996A}.Release|Any CPU.Build.0 = Release|Any CPU
	EndGlobalSection
	GlobalSection(SolutionProperties) = preSolution
		HideSolutionNode = FALSE
	EndGlobalSection
	GlobalSection(ExtensibilityGlobals) = postSolution
		SolutionGuid = {7C146441-309A-4453-8EBC-C6A38295D597}
	EndGlobalSection
EndGlobal
