
Microsoft Visual Studio Solution File, Format Version 12.00
# Visual Studio Version 17
VisualStudioVersion = 17.3.32929.385
MinimumVisualStudioVersion = 10.0.40219.1
Project("{FAE04EC0-301F-11D3-BF4B-00C04F79EFBC}") = "Querying", "Querying\Querying.csproj", "{140F388A-96B2-4888-AADF-D19229BF0694}"
EndProject
Global
	GlobalSection(SolutionConfigurationPlatforms) = preSolution
		Debug|Any CPU = Debug|Any CPU
		Release|Any CPU = Release|Any CPU
	EndGlobalSection
	GlobalSection(ProjectConfigurationPlatforms) = postSolution
		{140F388A-96B2-4888-AADF-D19229BF0694}.Debug|Any CPU.ActiveCfg = Debug|Any CPU
		{140F388A-96B2-4888-AADF-D19229BF0694}.Debug|Any CPU.Build.0 = Debug|Any CPU
		{140F388A-96B2-4888-AADF-D19229BF0694}.Release|Any CPU.ActiveCfg = Release|Any CPU
		{140F388A-96B2-4888-AADF-D19229BF0694}.Release|Any CPU.Build.0 = Release|Any CPU
	EndGlobalSection
	GlobalSection(SolutionProperties) = preSolution
		HideSolutionNode = FALSE
	EndGlobalSection
	GlobalSection(ExtensibilityGlobals) = postSolution
		SolutionGuid = {EED56428-0347-47BD-937F-84077F8E5830}
	EndGlobalSection
EndGlobal
