
Microsoft Visual Studio Solution File, Format Version 12.00
# Visual Studio Version 16
VisualStudioVersion = 16.0.31515.178
MinimumVisualStudioVersion = 10.0.40219.1
Project("{FAE04EC0-301F-11D3-BF4B-00C04F79EFBC}") = "Chart Örnek", "Chart Örnek\Chart Örnek.csproj", "{5FB8007A-3D8A-4244-BD88-B94B9DAE719E}"
EndProject
Global
	GlobalSection(SolutionConfigurationPlatforms) = preSolution
		Debug|Any CPU = Debug|Any CPU
		Release|Any CPU = Release|Any CPU
	EndGlobalSection
	GlobalSection(ProjectConfigurationPlatforms) = postSolution
		{5FB8007A-3D8A-4244-BD88-B94B9DAE719E}.Debug|Any CPU.ActiveCfg = Debug|Any CPU
		{5FB8007A-3D8A-4244-BD88-B94B9DAE719E}.Debug|Any CPU.Build.0 = Debug|Any CPU
		{5FB8007A-3D8A-4244-BD88-B94B9DAE719E}.Release|Any CPU.ActiveCfg = Release|Any CPU
		{5FB8007A-3D8A-4244-BD88-B94B9DAE719E}.Release|Any CPU.Build.0 = Release|Any CPU
	EndGlobalSection
	GlobalSection(SolutionProperties) = preSolution
		HideSolutionNode = FALSE
	EndGlobalSection
	GlobalSection(ExtensibilityGlobals) = postSolution
		SolutionGuid = {5E042379-1DBD-433C-B688-BD3EFABB7488}
	EndGlobalSection
EndGlobal
