
Microsoft Visual Studio Solution File, Format Version 12.00
# Visual Studio Version 17
VisualStudioVersion = 17.3.32819.101
MinimumVisualStudioVersion = 10.0.40219.1
Project("{FAE04EC0-301F-11D3-BF4B-00C04F79EFBC}") = "Record", "Record.csproj", "{F011D35D-601E-4A25-BBD6-9A854BEA018D}"
EndProject
Global
	GlobalSection(SolutionConfigurationPlatforms) = preSolution
		Debug|Any CPU = Debug|Any CPU
		Release|Any CPU = Release|Any CPU
	EndGlobalSection
	GlobalSection(ProjectConfigurationPlatforms) = postSolution
		{F011D35D-601E-4A25-BBD6-9A854BEA018D}.Debug|Any CPU.ActiveCfg = Debug|Any CPU
		{F011D35D-601E-4A25-BBD6-9A854BEA018D}.Debug|Any CPU.Build.0 = Debug|Any CPU
		{F011D35D-601E-4A25-BBD6-9A854BEA018D}.Release|Any CPU.ActiveCfg = Release|Any CPU
		{F011D35D-601E-4A25-BBD6-9A854BEA018D}.Release|Any CPU.Build.0 = Release|Any CPU
	EndGlobalSection
	GlobalSection(SolutionProperties) = preSolution
		HideSolutionNode = FALSE
	EndGlobalSection
	GlobalSection(ExtensibilityGlobals) = postSolution
		SolutionGuid = {38EAA6A9-E1A0-4D49-BF87-E6C241F8BC9F}
	EndGlobalSection
EndGlobal
