
Microsoft Visual Studio Solution File, Format Version 12.00
# Visual Studio Version 16
VisualStudioVersion = 16.0.31911.196
MinimumVisualStudioVersion = 10.0.40219.1
Project("{FAE04EC0-301F-11D3-BF4B-00C04F79EFBC}") = "ilk_proje", "ilk_proje\ilk_proje.csproj", "{0F3A5720-809F-4AF4-A4CF-139F490F506B}"
EndProject
Global
	GlobalSection(SolutionConfigurationPlatforms) = preSolution
		Debug|Any CPU = Debug|Any CPU
		Release|Any CPU = Release|Any CPU
	EndGlobalSection
	GlobalSection(ProjectConfigurationPlatforms) = postSolution
		{0F3A5720-809F-4AF4-A4CF-139F490F506B}.Debug|Any CPU.ActiveCfg = Debug|Any CPU
		{0F3A5720-809F-4AF4-A4CF-139F490F506B}.Debug|Any CPU.Build.0 = Debug|Any CPU
		{0F3A5720-809F-4AF4-A4CF-139F490F506B}.Release|Any CPU.ActiveCfg = Release|Any CPU
		{0F3A5720-809F-4AF4-A4CF-139F490F506B}.Release|Any CPU.Build.0 = Release|Any CPU
	EndGlobalSection
	GlobalSection(SolutionProperties) = preSolution
		HideSolutionNode = FALSE
	EndGlobalSection
	GlobalSection(ExtensibilityGlobals) = postSolution
		SolutionGuid = {8767976F-F976-4979-BD10-5F06DBD5B9AA}
	EndGlobalSection
EndGlobal
