
Microsoft Visual Studio Solution File, Format Version 12.00
# Visual Studio Version 17
VisualStudioVersion = 17.2.32616.157
MinimumVisualStudioVersion = 10.0.40219.1
Project("{FAE04EC0-301F-11D3-BF4B-00C04F79EFBC}") = "OrnekUygulama", "OrnekUygulama\OrnekUygulama.csproj", "{9C6D19D9-CE7B-4861-B2F2-405466B90C97}"
EndProject
Global
	GlobalSection(SolutionConfigurationPlatforms) = preSolution
		Debug|Any CPU = Debug|Any CPU
		Release|Any CPU = Release|Any CPU
	EndGlobalSection
	GlobalSection(ProjectConfigurationPlatforms) = postSolution
		{9C6D19D9-CE7B-4861-B2F2-405466B90C97}.Debug|Any CPU.ActiveCfg = Debug|Any CPU
		{9C6D19D9-CE7B-4861-B2F2-405466B90C97}.Debug|Any CPU.Build.0 = Debug|Any CPU
		{9C6D19D9-CE7B-4861-B2F2-405466B90C97}.Release|Any CPU.ActiveCfg = Release|Any CPU
		{9C6D19D9-CE7B-4861-B2F2-405466B90C97}.Release|Any CPU.Build.0 = Release|Any CPU
	EndGlobalSection
	GlobalSection(SolutionProperties) = preSolution
		HideSolutionNode = FALSE
	EndGlobalSection
	GlobalSection(ExtensibilityGlobals) = postSolution
		SolutionGuid = {A09019F9-6B0B-4694-A3DF-901129DC9767}
	EndGlobalSection
EndGlobal
