
Microsoft Visual Studio Solution File, Format Version 12.00
# Visual Studio Version 17
VisualStudioVersion = 17.4.33122.133
MinimumVisualStudioVersion = 10.0.40219.1
Project("{FAE04EC0-301F-11D3-BF4B-00C04F79EFBC}") = "Query_Tag", "Query_Tag\Query_Tag.csproj", "{B611CC4D-0B29-42EE-913D-0E40EC4044CC}"
EndProject
Global
	GlobalSection(SolutionConfigurationPlatforms) = preSolution
		Debug|Any CPU = Debug|Any CPU
		Release|Any CPU = Release|Any CPU
	EndGlobalSection
	GlobalSection(ProjectConfigurationPlatforms) = postSolution
		{B611CC4D-0B29-42EE-913D-0E40EC4044CC}.Debug|Any CPU.ActiveCfg = Debug|Any CPU
		{B611CC4D-0B29-42EE-913D-0E40EC4044CC}.Debug|Any CPU.Build.0 = Debug|Any CPU
		{B611CC4D-0B29-42EE-913D-0E40EC4044CC}.Release|Any CPU.ActiveCfg = Release|Any CPU
		{B611CC4D-0B29-42EE-913D-0E40EC4044CC}.Release|Any CPU.Build.0 = Release|Any CPU
	EndGlobalSection
	GlobalSection(SolutionProperties) = preSolution
		HideSolutionNode = FALSE
	EndGlobalSection
	GlobalSection(ExtensibilityGlobals) = postSolution
		SolutionGuid = {45743266-75E6-47C4-97CB-32984A338F31}
	EndGlobalSection
EndGlobal
