
Microsoft Visual Studio Solution File, Format Version 12.00
# Visual Studio Version 17
VisualStudioVersion = 17.0.31521.260
MinimumVisualStudioVersion = 10.0.40219.1
Project("{FAE04EC0-301F-11D3-BF4B-00C04F79EFBC}") = "Point Örnek", "Point Örnek\Point Örnek.csproj", "{7AF2EBF1-7C7F-46C2-9A85-780BE6E13815}"
EndProject
Global
	GlobalSection(SolutionConfigurationPlatforms) = preSolution
		Debug|Any CPU = Debug|Any CPU
		Release|Any CPU = Release|Any CPU
	EndGlobalSection
	GlobalSection(ProjectConfigurationPlatforms) = postSolution
		{7AF2EBF1-7C7F-46C2-9A85-780BE6E13815}.Debug|Any CPU.ActiveCfg = Debug|Any CPU
		{7AF2EBF1-7C7F-46C2-9A85-780BE6E13815}.Debug|Any CPU.Build.0 = Debug|Any CPU
		{7AF2EBF1-7C7F-46C2-9A85-780BE6E13815}.Release|Any CPU.ActiveCfg = Release|Any CPU
		{7AF2EBF1-7C7F-46C2-9A85-780BE6E13815}.Release|Any CPU.Build.0 = Release|Any CPU
	EndGlobalSection
	GlobalSection(SolutionProperties) = preSolution
		HideSolutionNode = FALSE
	EndGlobalSection
	GlobalSection(ExtensibilityGlobals) = postSolution
		SolutionGuid = {462DB4D5-406A-4AA7-AE36-9F972CFFE57B}
	EndGlobalSection
EndGlobal
