
Microsoft Visual Studio Solution File, Format Version 12.00
# Visual Studio Version 17
VisualStudioVersion = 17.3.32929.385
MinimumVisualStudioVersion = 10.0.40219.1
Project("{FAE04EC0-301F-11D3-BF4B-00C04F79EFBC}") = "Inheritance_Table_Per_Type", "Inheritance_Table_Per_Type\Inheritance_Table_Per_Type.csproj", "{316F35D6-C23C-4438-9726-267F70264DCE}"
EndProject
Global
	GlobalSection(SolutionConfigurationPlatforms) = preSolution
		Debug|Any CPU = Debug|Any CPU
		Release|Any CPU = Release|Any CPU
	EndGlobalSection
	GlobalSection(ProjectConfigurationPlatforms) = postSolution
		{316F35D6-C23C-4438-9726-267F70264DCE}.Debug|Any CPU.ActiveCfg = Debug|Any CPU
		{316F35D6-C23C-4438-9726-267F70264DCE}.Debug|Any CPU.Build.0 = Debug|Any CPU
		{316F35D6-C23C-4438-9726-267F70264DCE}.Release|Any CPU.ActiveCfg = Release|Any CPU
		{316F35D6-C23C-4438-9726-267F70264DCE}.Release|Any CPU.Build.0 = Release|Any CPU
	EndGlobalSection
	GlobalSection(SolutionProperties) = preSolution
		HideSolutionNode = FALSE
	EndGlobalSection
	GlobalSection(ExtensibilityGlobals) = postSolution
		SolutionGuid = {56274EC4-2B88-4871-8562-543AE2AA700A}
	EndGlobalSection
EndGlobal
