
Microsoft Visual Studio Solution File, Format Version 12.00
# Visual Studio Version 17
VisualStudioVersion = 17.2.32630.192
MinimumVisualStudioVersion = 10.0.40219.1
Project("{FAE04EC0-301F-11D3-BF4B-00C04F79EFBC}") = "secretManagerExample", "secretManagerExample\secretManagerExample.csproj", "{22363DBA-850B-42C6-9D5D-BAECC39875A7}"
EndProject
Global
	GlobalSection(SolutionConfigurationPlatforms) = preSolution
		Debug|Any CPU = Debug|Any CPU
		Release|Any CPU = Release|Any CPU
	EndGlobalSection
	GlobalSection(ProjectConfigurationPlatforms) = postSolution
		{22363DBA-850B-42C6-9D5D-BAECC39875A7}.Debug|Any CPU.ActiveCfg = Debug|Any CPU
		{22363DBA-850B-42C6-9D5D-BAECC39875A7}.Debug|Any CPU.Build.0 = Debug|Any CPU
		{22363DBA-850B-42C6-9D5D-BAECC39875A7}.Release|Any CPU.ActiveCfg = Release|Any CPU
		{22363DBA-850B-42C6-9D5D-BAECC39875A7}.Release|Any CPU.Build.0 = Release|Any CPU
	EndGlobalSection
	GlobalSection(SolutionProperties) = preSolution
		HideSolutionNode = FALSE
	EndGlobalSection
	GlobalSection(ExtensibilityGlobals) = postSolution
		SolutionGuid = {16F4FBC9-E3A9-455C-8580-BA17B3C1EC1C}
	EndGlobalSection
EndGlobal
