
Microsoft Visual Studio Solution File, Format Version 12.00
# Visual Studio Version 17
VisualStudioVersion = 17.0.31521.260
MinimumVisualStudioVersion = 10.0.40219.1
Project("{FAE04EC0-301F-11D3-BF4B-00C04F79EFBC}") = "AccessVeritabanı", "AccessVeritabanı\AccessVeritabanı.csproj", "{B34066BA-B550-4B3D-BB93-F2C85373FE73}"
EndProject
Global
	GlobalSection(SolutionConfigurationPlatforms) = preSolution
		Debug|Any CPU = Debug|Any CPU
		Release|Any CPU = Release|Any CPU
	EndGlobalSection
	GlobalSection(ProjectConfigurationPlatforms) = postSolution
		{B34066BA-B550-4B3D-BB93-F2C85373FE73}.Debug|Any CPU.ActiveCfg = Debug|Any CPU
		{B34066BA-B550-4B3D-BB93-F2C85373FE73}.Debug|Any CPU.Build.0 = Debug|Any CPU
		{B34066BA-B550-4B3D-BB93-F2C85373FE73}.Release|Any CPU.ActiveCfg = Release|Any CPU
		{B34066BA-B550-4B3D-BB93-F2C85373FE73}.Release|Any CPU.Build.0 = Release|Any CPU
	EndGlobalSection
	GlobalSection(SolutionProperties) = preSolution
		HideSolutionNode = FALSE
	EndGlobalSection
	GlobalSection(ExtensibilityGlobals) = postSolution
		SolutionGuid = {1C5A7380-939B-4012-9419-80D854A833E4}
	EndGlobalSection
EndGlobal
