
Microsoft Visual Studio Solution File, Format Version 12.00
# Visual Studio Version 17
VisualStudioVersion = 17.0.31521.260
MinimumVisualStudioVersion = 10.0.40219.1
Project("{FAE04EC0-301F-11D3-BF4B-00C04F79EFBC}") = "OOP1", "OOP1\OOP1.csproj", "{A01DC53D-FC9C-4871-8FF5-1A081C58B778}"
EndProject
Global
	GlobalSection(SolutionConfigurationPlatforms) = preSolution
		Debug|Any CPU = Debug|Any CPU
		Release|Any CPU = Release|Any CPU
	EndGlobalSection
	GlobalSection(ProjectConfigurationPlatforms) = postSolution
		{A01DC53D-FC9C-4871-8FF5-1A081C58B778}.Debug|Any CPU.ActiveCfg = Debug|Any CPU
		{A01DC53D-FC9C-4871-8FF5-1A081C58B778}.Debug|Any CPU.Build.0 = Debug|Any CPU
		{A01DC53D-FC9C-4871-8FF5-1A081C58B778}.Release|Any CPU.ActiveCfg = Release|Any CPU
		{A01DC53D-FC9C-4871-8FF5-1A081C58B778}.Release|Any CPU.Build.0 = Release|Any CPU
	EndGlobalSection
	GlobalSection(SolutionProperties) = preSolution
		HideSolutionNode = FALSE
	EndGlobalSection
	GlobalSection(ExtensibilityGlobals) = postSolution
		SolutionGuid = {A5E4868D-AC77-4F79-A9A1-9D9BD01E7C5B}
	EndGlobalSection
EndGlobal
