
Microsoft Visual Studio Solution File, Format Version 12.00
# Visual Studio Version 16
VisualStudioVersion = 16.0.31515.178
MinimumVisualStudioVersion = 10.0.40219.1
Project("{FAE04EC0-301F-11D3-BF4B-00C04F79EFBC}") = "Yuvarlak Buton", "Yuvarlak Buton\Yuvarlak Buton.csproj", "{DAACF318-416E-4F62-8F10-80F439F9934F}"
EndProject
Project("{FAE04EC0-301F-11D3-BF4B-00C04F79EFBC}") = "MaskedTextBox", "MaskedTextBox\MaskedTextBox.csproj", "{C739A5EE-6B4D-485F-AC07-1B1E04BFD4FF}"
EndProject
Global
	GlobalSection(SolutionConfigurationPlatforms) = preSolution
		Debug|Any CPU = Debug|Any CPU
		Release|Any CPU = Release|Any CPU
	EndGlobalSection
	GlobalSection(ProjectConfigurationPlatforms) = postSolution
		{DAACF318-416E-4F62-8F10-80F439F9934F}.Debug|Any CPU.ActiveCfg = Debug|Any CPU
		{DAACF318-416E-4F62-8F10-80F439F9934F}.Debug|Any CPU.Build.0 = Debug|Any CPU
		{DAACF318-416E-4F62-8F10-80F439F9934F}.Release|Any CPU.ActiveCfg = Release|Any CPU
		{DAACF318-416E-4F62-8F10-80F439F9934F}.Release|Any CPU.Build.0 = Release|Any CPU
		{C739A5EE-6B4D-485F-AC07-1B1E04BFD4FF}.Debug|Any CPU.ActiveCfg = Debug|Any CPU
		{C739A5EE-6B4D-485F-AC07-1B1E04BFD4FF}.Debug|Any CPU.Build.0 = Debug|Any CPU
		{C739A5EE-6B4D-485F-AC07-1B1E04BFD4FF}.Release|Any CPU.ActiveCfg = Release|Any CPU
		{C739A5EE-6B4D-485F-AC07-1B1E04BFD4FF}.Release|Any CPU.Build.0 = Release|Any CPU
	EndGlobalSection
	GlobalSection(SolutionProperties) = preSolution
		HideSolutionNode = FALSE
	EndGlobalSection
	GlobalSection(ExtensibilityGlobals) = postSolution
		SolutionGuid = {262C383B-28BC-40AA-A20C-7B9A0131B1CF}
	EndGlobalSection
EndGlobal
