
Microsoft Visual Studio Solution File, Format Version 12.00
# Visual Studio Version 17
VisualStudioVersion = 17.0.31612.314
MinimumVisualStudioVersion = 10.0.40219.1
Project("{FAE04EC0-301F-11D3-BF4B-00C04F79EFBC}") = "Ders 11 Sınıf ve Nesne Kavramı", "Ders 11 Sınıf ve Nesne Kavramı\Ders 11 Sınıf ve Nesne Kavramı.csproj", "{90835650-7107-4E62-80DB-58F3E87338CD}"
EndProject
Global
	GlobalSection(SolutionConfigurationPlatforms) = preSolution
		Debug|Any CPU = Debug|Any CPU
		Release|Any CPU = Release|Any CPU
	EndGlobalSection
	GlobalSection(ProjectConfigurationPlatforms) = postSolution
		{90835650-7107-4E62-80DB-58F3E87338CD}.Debug|Any CPU.ActiveCfg = Debug|Any CPU
		{90835650-7107-4E62-80DB-58F3E87338CD}.Debug|Any CPU.Build.0 = Debug|Any CPU
		{90835650-7107-4E62-80DB-58F3E87338CD}.Release|Any CPU.ActiveCfg = Release|Any CPU
		{90835650-7107-4E62-80DB-58F3E87338CD}.Release|Any CPU.Build.0 = Release|Any CPU
	EndGlobalSection
	GlobalSection(SolutionProperties) = preSolution
		HideSolutionNode = FALSE
	EndGlobalSection
	GlobalSection(ExtensibilityGlobals) = postSolution
		SolutionGuid = {266F0220-6993-49B1-BA8E-E4E9382A24CE}
	EndGlobalSection
EndGlobal
