
Microsoft Visual Studio Solution File, Format Version 12.00
# Visual Studio Version 17
VisualStudioVersion = 17.4.33103.184
MinimumVisualStudioVersion = 10.0.40219.1
Project("{FAE04EC0-301F-11D3-BF4B-00C04F79EFBC}") = "Sql_Queries", "Sql_Queries\Sql_Queries.csproj", "{D28E2DC3-A252-4896-8A79-E8BF15400D11}"
EndProject
Global
	GlobalSection(SolutionConfigurationPlatforms) = preSolution
		Debug|Any CPU = Debug|Any CPU
		Release|Any CPU = Release|Any CPU
	EndGlobalSection
	GlobalSection(ProjectConfigurationPlatforms) = postSolution
		{D28E2DC3-A252-4896-8A79-E8BF15400D11}.Debug|Any CPU.ActiveCfg = Debug|Any CPU
		{D28E2DC3-A252-4896-8A79-E8BF15400D11}.Debug|Any CPU.Build.0 = Debug|Any CPU
		{D28E2DC3-A252-4896-8A79-E8BF15400D11}.Release|Any CPU.ActiveCfg = Release|Any CPU
		{D28E2DC3-A252-4896-8A79-E8BF15400D11}.Release|Any CPU.Build.0 = Release|Any CPU
	EndGlobalSection
	GlobalSection(SolutionProperties) = preSolution
		HideSolutionNode = FALSE
	EndGlobalSection
	GlobalSection(ExtensibilityGlobals) = postSolution
		SolutionGuid = {51C27254-3AD6-4B65-A6F1-363AB44CAF13}
	EndGlobalSection
EndGlobal
