
Microsoft Visual Studio Solution File, Format Version 12.00
# Visual Studio Version 17
VisualStudioVersion = 17.3.32811.315
MinimumVisualStudioVersion = 10.0.40219.1
Project("{FAE04EC0-301F-11D3-BF4B-00C04F79EFBC}") = "oop_sinif", "oop_sinif.csproj", "{FAA79FD6-B5FB-4A0D-BFF1-4E05BDA530B5}"
EndProject
Global
	GlobalSection(SolutionConfigurationPlatforms) = preSolution
		Debug|Any CPU = Debug|Any CPU
		Release|Any CPU = Release|Any CPU
	EndGlobalSection
	GlobalSection(ProjectConfigurationPlatforms) = postSolution
		{FAA79FD6-B5FB-4A0D-BFF1-4E05BDA530B5}.Debug|Any CPU.ActiveCfg = Debug|Any CPU
		{FAA79FD6-B5FB-4A0D-BFF1-4E05BDA530B5}.Debug|Any CPU.Build.0 = Debug|Any CPU
		{FAA79FD6-B5FB-4A0D-BFF1-4E05BDA530B5}.Release|Any CPU.ActiveCfg = Release|Any CPU
		{FAA79FD6-B5FB-4A0D-BFF1-4E05BDA530B5}.Release|Any CPU.Build.0 = Release|Any CPU
	EndGlobalSection
	GlobalSection(SolutionProperties) = preSolution
		HideSolutionNode = FALSE
	EndGlobalSection
	GlobalSection(ExtensibilityGlobals) = postSolution
		SolutionGuid = {65E400FF-2980-475F-B3BC-A6CC622E0E0F}
	EndGlobalSection
EndGlobal
