
Microsoft Visual Studio Solution File, Format Version 12.00
# Visual Studio Version 17
VisualStudioVersion = 17.3.32929.385
MinimumVisualStudioVersion = 10.0.40219.1
Project("{FAE04EC0-301F-11D3-BF4B-00C04F79EFBC}") = "Sequences", "Sequences\Sequences.csproj", "{57647554-2089-49B7-889B-8D8DBBA96FA7}"
EndProject
Global
	GlobalSection(SolutionConfigurationPlatforms) = preSolution
		Debug|Any CPU = Debug|Any CPU
		Release|Any CPU = Release|Any CPU
	EndGlobalSection
	GlobalSection(ProjectConfigurationPlatforms) = postSolution
		{57647554-2089-49B7-889B-8D8DBBA96FA7}.Debug|Any CPU.ActiveCfg = Debug|Any CPU
		{57647554-2089-49B7-889B-8D8DBBA96FA7}.Debug|Any CPU.Build.0 = Debug|Any CPU
		{57647554-2089-49B7-889B-8D8DBBA96FA7}.Release|Any CPU.ActiveCfg = Release|Any CPU
		{57647554-2089-49B7-889B-8D8DBBA96FA7}.Release|Any CPU.Build.0 = Release|Any CPU
	EndGlobalSection
	GlobalSection(SolutionProperties) = preSolution
		HideSolutionNode = FALSE
	EndGlobalSection
	GlobalSection(ExtensibilityGlobals) = postSolution
		SolutionGuid = {4EB8FA94-64E1-4470-98E0-7A4DBE2EE8E3}
	EndGlobalSection
EndGlobal
