
Microsoft Visual Studio Solution File, Format Version 12.00
# Visual Studio Version 16
VisualStudioVersion = 16.0.31424.327
MinimumVisualStudioVersion = 10.0.40219.1
Project("{FAE04EC0-301F-11D3-BF4B-00C04F79EFBC}") = "Pizzacı", "Pizzacı\Pizzacı.csproj", "{1ED2476C-30FC-4E27-9647-89E686B66D20}"
EndProject
Global
	GlobalSection(SolutionConfigurationPlatforms) = preSolution
		Debug|Any CPU = Debug|Any CPU
		Release|Any CPU = Release|Any CPU
	EndGlobalSection
	GlobalSection(ProjectConfigurationPlatforms) = postSolution
		{1ED2476C-30FC-4E27-9647-89E686B66D20}.Debug|Any CPU.ActiveCfg = Debug|Any CPU
		{1ED2476C-30FC-4E27-9647-89E686B66D20}.Debug|Any CPU.Build.0 = Debug|Any CPU
		{1ED2476C-30FC-4E27-9647-89E686B66D20}.Release|Any CPU.ActiveCfg = Release|Any CPU
		{1ED2476C-30FC-4E27-9647-89E686B66D20}.Release|Any CPU.Build.0 = Release|Any CPU
	EndGlobalSection
	GlobalSection(SolutionProperties) = preSolution
		HideSolutionNode = FALSE
	EndGlobalSection
	GlobalSection(ExtensibilityGlobals) = postSolution
		SolutionGuid = {B049F4BD-BA61-4574-8381-01E83A175DD4}
	EndGlobalSection
EndGlobal
