
Microsoft Visual Studio Solution File, Format Version 12.00
# Visual Studio Version 17
VisualStudioVersion = 17.2.32630.192
MinimumVisualStudioVersion = 10.0.40219.1
Project("{FAE04EC0-301F-11D3-BF4B-00C04F79EFBC}") = "Degiskenler", "Degiskenler.csproj", "{48EEA2EB-CCD8-4144-9C42-77741F70CD20}"
EndProject
Global
	GlobalSection(SolutionConfigurationPlatforms) = preSolution
		Debug|Any CPU = Debug|Any CPU
		Release|Any CPU = Release|Any CPU
	EndGlobalSection
	GlobalSection(ProjectConfigurationPlatforms) = postSolution
		{48EEA2EB-CCD8-4144-9C42-77741F70CD20}.Debug|Any CPU.ActiveCfg = Debug|Any CPU
		{48EEA2EB-CCD8-4144-9C42-77741F70CD20}.Debug|Any CPU.Build.0 = Debug|Any CPU
		{48EEA2EB-CCD8-4144-9C42-77741F70CD20}.Release|Any CPU.ActiveCfg = Release|Any CPU
		{48EEA2EB-CCD8-4144-9C42-77741F70CD20}.Release|Any CPU.Build.0 = Release|Any CPU
	EndGlobalSection
	GlobalSection(SolutionProperties) = preSolution
		HideSolutionNode = FALSE
	EndGlobalSection
	GlobalSection(ExtensibilityGlobals) = postSolution
		SolutionGuid = {94CD0914-B13C-429D-85A1-B4A9221D2EB8}
	EndGlobalSection
EndGlobal
