
Microsoft Visual Studio Solution File, Format Version 12.00
# Visual Studio Version 16
VisualStudioVersion = 16.0.31424.327
MinimumVisualStudioVersion = 10.0.40219.1
Project("{FAE04EC0-301F-11D3-BF4B-00C04F79EFBC}") = "MerhabaDünyaÖrneği", "MerhabaDünyaÖrneği\MerhabaDünyaÖrneği.csproj", "{CEF15442-F752-48D1-9D71-DF3B197CEEF8}"
EndProject
Global
	GlobalSection(SolutionConfigurationPlatforms) = preSolution
		Debug|Any CPU = Debug|Any CPU
		Release|Any CPU = Release|Any CPU
	EndGlobalSection
	GlobalSection(ProjectConfigurationPlatforms) = postSolution
		{CEF15442-F752-48D1-9D71-DF3B197CEEF8}.Debug|Any CPU.ActiveCfg = Debug|Any CPU
		{CEF15442-F752-48D1-9D71-DF3B197CEEF8}.Debug|Any CPU.Build.0 = Debug|Any CPU
		{CEF15442-F752-48D1-9D71-DF3B197CEEF8}.Release|Any CPU.ActiveCfg = Release|Any CPU
		{CEF15442-F752-48D1-9D71-DF3B197CEEF8}.Release|Any CPU.Build.0 = Release|Any CPU
	EndGlobalSection
	GlobalSection(SolutionProperties) = preSolution
		HideSolutionNode = FALSE
	EndGlobalSection
	GlobalSection(ExtensibilityGlobals) = postSolution
		SolutionGuid = {E19BA81E-30F4-4FAB-AAD3-CFFD1127D7C3}
	EndGlobalSection
EndGlobal
