
Microsoft Visual Studio Solution File, Format Version 12.00
# Visual Studio Version 17
VisualStudioVersion = 17.3.32804.467
MinimumVisualStudioVersion = 10.0.40219.1
Project("{FAE04EC0-301F-11D3-BF4B-00C04F79EFBC}") = "Type", "Type\Type.csproj", "{FAD77EBB-908B-4F02-BC3C-559148C1A3A8}"
EndProject
Global
	GlobalSection(SolutionConfigurationPlatforms) = preSolution
		Debug|Any CPU = Debug|Any CPU
		Release|Any CPU = Release|Any CPU
	EndGlobalSection
	GlobalSection(ProjectConfigurationPlatforms) = postSolution
		{FAD77EBB-908B-4F02-BC3C-559148C1A3A8}.Debug|Any CPU.ActiveCfg = Debug|Any CPU
		{FAD77EBB-908B-4F02-BC3C-559148C1A3A8}.Debug|Any CPU.Build.0 = Debug|Any CPU
		{FAD77EBB-908B-4F02-BC3C-559148C1A3A8}.Release|Any CPU.ActiveCfg = Release|Any CPU
		{FAD77EBB-908B-4F02-BC3C-559148C1A3A8}.Release|Any CPU.Build.0 = Release|Any CPU
	EndGlobalSection
	GlobalSection(SolutionProperties) = preSolution
		HideSolutionNode = FALSE
	EndGlobalSection
	GlobalSection(ExtensibilityGlobals) = postSolution
		SolutionGuid = {129ECFF6-0FA2-4951-A71D-3D468D5B13AF}
	EndGlobalSection
EndGlobal
