
Microsoft Visual Studio Solution File, Format Version 12.00
# Visual Studio Version 17
VisualStudioVersion = 17.0.31521.260
MinimumVisualStudioVersion = 10.0.40219.1
Project("{FAE04EC0-301F-11D3-BF4B-00C04F79EFBC}") = "Excel-1", "Excel-1\Excel-1.csproj", "{9B61FB61-9073-4D32-90B5-B9AC2E135B4B}"
EndProject
Project("{FAE04EC0-301F-11D3-BF4B-00C04F79EFBC}") = "Excel Örnek 2", "Excel Örnek 2\Excel Örnek 2.csproj", "{F8C97FED-FA35-476E-8AB5-67AF211669F5}"
EndProject
Global
	GlobalSection(SolutionConfigurationPlatforms) = preSolution
		Debug|Any CPU = Debug|Any CPU
		Release|Any CPU = Release|Any CPU
	EndGlobalSection
	GlobalSection(ProjectConfigurationPlatforms) = postSolution
		{9B61FB61-9073-4D32-90B5-B9AC2E135B4B}.Debug|Any CPU.ActiveCfg = Debug|Any CPU
		{9B61FB61-9073-4D32-90B5-B9AC2E135B4B}.Debug|Any CPU.Build.0 = Debug|Any CPU
		{9B61FB61-9073-4D32-90B5-B9AC2E135B4B}.Release|Any CPU.ActiveCfg = Release|Any CPU
		{9B61FB61-9073-4D32-90B5-B9AC2E135B4B}.Release|Any CPU.Build.0 = Release|Any CPU
		{F8C97FED-FA35-476E-8AB5-67AF211669F5}.Debug|Any CPU.ActiveCfg = Debug|Any CPU
		{F8C97FED-FA35-476E-8AB5-67AF211669F5}.Debug|Any CPU.Build.0 = Debug|Any CPU
		{F8C97FED-FA35-476E-8AB5-67AF211669F5}.Release|Any CPU.ActiveCfg = Release|Any CPU
		{F8C97FED-FA35-476E-8AB5-67AF211669F5}.Release|Any CPU.Build.0 = Release|Any CPU
	EndGlobalSection
	GlobalSection(SolutionProperties) = preSolution
		HideSolutionNode = FALSE
	EndGlobalSection
	GlobalSection(ExtensibilityGlobals) = postSolution
		SolutionGuid = {F5E43557-3622-4E6F-9113-12D5924A74A7}
	EndGlobalSection
EndGlobal
