
Microsoft Visual Studio Solution File, Format Version 12.00
# Visual Studio Version 17
VisualStudioVersion = 17.0.31512.422
MinimumVisualStudioVersion = 10.0.40219.1
Project("{FAE04EC0-301F-11D3-BF4B-00C04F79EFBC}") = "For Döngüsü Örnekleri", "For Döngüsü Örnekleri\For Döngüsü Örnekleri.csproj", "{7556FA25-0FDC-462B-A882-ED9A196A0117}"
EndProject
Global
	GlobalSection(SolutionConfigurationPlatforms) = preSolution
		Debug|Any CPU = Debug|Any CPU
		Release|Any CPU = Release|Any CPU
	EndGlobalSection
	GlobalSection(ProjectConfigurationPlatforms) = postSolution
		{7556FA25-0FDC-462B-A882-ED9A196A0117}.Debug|Any CPU.ActiveCfg = Debug|Any CPU
		{7556FA25-0FDC-462B-A882-ED9A196A0117}.Debug|Any CPU.Build.0 = Debug|Any CPU
		{7556FA25-0FDC-462B-A882-ED9A196A0117}.Release|Any CPU.ActiveCfg = Release|Any CPU
		{7556FA25-0FDC-462B-A882-ED9A196A0117}.Release|Any CPU.Build.0 = Release|Any CPU
	EndGlobalSection
	GlobalSection(SolutionProperties) = preSolution
		HideSolutionNode = FALSE
	EndGlobalSection
	GlobalSection(ExtensibilityGlobals) = postSolution
		SolutionGuid = {8703FA0F-DB45-4C98-A04D-372D70C44E68}
	EndGlobalSection
EndGlobal
