
Microsoft Visual Studio Solution File, Format Version 12.00
# Visual Studio Version 17
VisualStudioVersion = 17.3.32922.545
MinimumVisualStudioVersion = 10.0.40219.1
Project("{FAE04EC0-301F-11D3-BF4B-00C04F79EFBC}") = "Persisting_The_Data_Update", "Persisting_The_Data_Update\Persisting_The_Data_Update.csproj", "{B85C005D-3858-4B98-9C31-A2C4F247B815}"
EndProject
Global
	GlobalSection(SolutionConfigurationPlatforms) = preSolution
		Debug|Any CPU = Debug|Any CPU
		Release|Any CPU = Release|Any CPU
	EndGlobalSection
	GlobalSection(ProjectConfigurationPlatforms) = postSolution
		{B85C005D-3858-4B98-9C31-A2C4F247B815}.Debug|Any CPU.ActiveCfg = Debug|Any CPU
		{B85C005D-3858-4B98-9C31-A2C4F247B815}.Debug|Any CPU.Build.0 = Debug|Any CPU
		{B85C005D-3858-4B98-9C31-A2C4F247B815}.Release|Any CPU.ActiveCfg = Release|Any CPU
		{B85C005D-3858-4B98-9C31-A2C4F247B815}.Release|Any CPU.Build.0 = Release|Any CPU
	EndGlobalSection
	GlobalSection(SolutionProperties) = preSolution
		HideSolutionNode = FALSE
	EndGlobalSection
	GlobalSection(ExtensibilityGlobals) = postSolution
		SolutionGuid = {15D35BF0-E8F3-48C5-87A4-8AEEEAEFD787}
	EndGlobalSection
EndGlobal
