
Microsoft Visual Studio Solution File, Format Version 12.00
# Visual Studio Version 17
VisualStudioVersion = 17.0.31612.314
MinimumVisualStudioVersion = 10.0.40219.1
Project("{FAE04EC0-301F-11D3-BF4B-00C04F79EFBC}") = "Ders 18 Datagridview ile Şartlı Renklendirme", "Ders 18 Datagridview ile Şartlı Renklendirme\Ders 18 Datagridview ile Şartlı Renklendirme.csproj", "{DEFBA16F-ACF8-4C6D-8D5C-58CCD3ED77B8}"
EndProject
Global
	GlobalSection(SolutionConfigurationPlatforms) = preSolution
		Debug|Any CPU = Debug|Any CPU
		Release|Any CPU = Release|Any CPU
	EndGlobalSection
	GlobalSection(ProjectConfigurationPlatforms) = postSolution
		{DEFBA16F-ACF8-4C6D-8D5C-58CCD3ED77B8}.Debug|Any CPU.ActiveCfg = Debug|Any CPU
		{DEFBA16F-ACF8-4C6D-8D5C-58CCD3ED77B8}.Debug|Any CPU.Build.0 = Debug|Any CPU
		{DEFBA16F-ACF8-4C6D-8D5C-58CCD3ED77B8}.Release|Any CPU.ActiveCfg = Release|Any CPU
		{DEFBA16F-ACF8-4C6D-8D5C-58CCD3ED77B8}.Release|Any CPU.Build.0 = Release|Any CPU
	EndGlobalSection
	GlobalSection(SolutionProperties) = preSolution
		HideSolutionNode = FALSE
	EndGlobalSection
	GlobalSection(ExtensibilityGlobals) = postSolution
		SolutionGuid = {3EA34556-2415-463A-8591-19588CB123A1}
	EndGlobalSection
EndGlobal
