
Microsoft Visual Studio Solution File, Format Version 12.00
# Visual Studio Version 17
VisualStudioVersion = 17.0.31521.260
MinimumVisualStudioVersion = 10.0.40219.1
Project("{FAE04EC0-301F-11D3-BF4B-00C04F79EFBC}") = "Algoritma Örnek 1", "Algoritma Örnek 1\Algoritma Örnek 1.csproj", "{ABCF9C99-2C31-44CE-B76F-684EB7CA9430}"
EndProject
Project("{FAE04EC0-301F-11D3-BF4B-00C04F79EFBC}") = "AlgoritmaOrnek2", "AlgoritmaOrnek2\AlgoritmaOrnek2.csproj", "{975C0AC8-D26B-45DB-8E04-859AC9E9053A}"
EndProject
Project("{FAE04EC0-301F-11D3-BF4B-00C04F79EFBC}") = "AlgoritmaOrnek3", "AlgoritmaOrnek3\AlgoritmaOrnek3.csproj", "{4DF30977-F41B-40EE-9F03-1DD5606C74DB}"
EndProject
Global
	GlobalSection(SolutionConfigurationPlatforms) = preSolution
		Debug|Any CPU = Debug|Any CPU
		Release|Any CPU = Release|Any CPU
	EndGlobalSection
	GlobalSection(ProjectConfigurationPlatforms) = postSolution
		{ABCF9C99-2C31-44CE-B76F-684EB7CA9430}.Debug|Any CPU.ActiveCfg = Debug|Any CPU
		{ABCF9C99-2C31-44CE-B76F-684EB7CA9430}.Debug|Any CPU.Build.0 = Debug|Any CPU
		{ABCF9C99-2C31-44CE-B76F-684EB7CA9430}.Release|Any CPU.ActiveCfg = Release|Any CPU
		{ABCF9C99-2C31-44CE-B76F-684EB7CA9430}.Release|Any CPU.Build.0 = Release|Any CPU
		{975C0AC8-D26B-45DB-8E04-859AC9E9053A}.Debug|Any CPU.ActiveCfg = Debug|Any CPU
		{975C0AC8-D26B-45DB-8E04-859AC9E9053A}.Debug|Any CPU.Build.0 = Debug|Any CPU
		{975C0AC8-D26B-45DB-8E04-859AC9E9053A}.Release|Any CPU.ActiveCfg = Release|Any CPU
		{975C0AC8-D26B-45DB-8E04-859AC9E9053A}.Release|Any CPU.Build.0 = Release|Any CPU
		{4DF30977-F41B-40EE-9F03-1DD5606C74DB}.Debug|Any CPU.ActiveCfg = Debug|Any CPU
		{4DF30977-F41B-40EE-9F03-1DD5606C74DB}.Debug|Any CPU.Build.0 = Debug|Any CPU
		{4DF30977-F41B-40EE-9F03-1DD5606C74DB}.Release|Any CPU.ActiveCfg = Release|Any CPU
		{4DF30977-F41B-40EE-9F03-1DD5606C74DB}.Release|Any CPU.Build.0 = Release|Any CPU
	EndGlobalSection
	GlobalSection(SolutionProperties) = preSolution
		HideSolutionNode = FALSE
	EndGlobalSection
	GlobalSection(ExtensibilityGlobals) = postSolution
		SolutionGuid = {C35CAA82-3A8C-4818-BB9A-DF80489128AC}
	EndGlobalSection
EndGlobal
