
Microsoft Visual Studio Solution File, Format Version 12.00
# Visual Studio Version 17
VisualStudioVersion = 17.0.31612.314
MinimumVisualStudioVersion = 10.0.40219.1
Project("{FAE04EC0-301F-11D3-BF4B-00C04F79EFBC}") = "Ders 97 Api ile Hava Durumu Bilgisi Çekme", "Ders 97 Api ile Hava Durumu Bilgisi Çekme\Ders 97 Api ile Hava Durumu Bilgisi Çekme.csproj", "{A16953A0-3ABD-4DE0-B7CE-BDEE242DF878}"
EndProject
Global
	GlobalSection(SolutionConfigurationPlatforms) = preSolution
		Debug|Any CPU = Debug|Any CPU
		Release|Any CPU = Release|Any CPU
	EndGlobalSection
	GlobalSection(ProjectConfigurationPlatforms) = postSolution
		{A16953A0-3ABD-4DE0-B7CE-BDEE242DF878}.Debug|Any CPU.ActiveCfg = Debug|Any CPU
		{A16953A0-3ABD-4DE0-B7CE-BDEE242DF878}.Debug|Any CPU.Build.0 = Debug|Any CPU
		{A16953A0-3ABD-4DE0-B7CE-BDEE242DF878}.Release|Any CPU.ActiveCfg = Release|Any CPU
		{A16953A0-3ABD-4DE0-B7CE-BDEE242DF878}.Release|Any CPU.Build.0 = Release|Any CPU
	EndGlobalSection
	GlobalSection(SolutionProperties) = preSolution
		HideSolutionNode = FALSE
	EndGlobalSection
	GlobalSection(ExtensibilityGlobals) = postSolution
		SolutionGuid = {D01AAD8F-A349-4B21-8238-C2AC4B87C1EA}
	EndGlobalSection
EndGlobal
