
Microsoft Visual Studio Solution File, Format Version 12.00
# Visual Studio Version 17
VisualStudioVersion = 17.3.32929.385
MinimumVisualStudioVersion = 10.0.40219.1
Project("{FAE04EC0-301F-11D3-BF4B-00C04F79EFBC}") = "Querying", "Querying\Querying.csproj", "{BD784A05-AA1B-447F-BD6A-A78DEDA03D90}"
EndProject
Global
	GlobalSection(SolutionConfigurationPlatforms) = preSolution
		Debug|Any CPU = Debug|Any CPU
		Release|Any CPU = Release|Any CPU
	EndGlobalSection
	GlobalSection(ProjectConfigurationPlatforms) = postSolution
		{BD784A05-AA1B-447F-BD6A-A78DEDA03D90}.Debug|Any CPU.ActiveCfg = Debug|Any CPU
		{BD784A05-AA1B-447F-BD6A-A78DEDA03D90}.Debug|Any CPU.Build.0 = Debug|Any CPU
		{BD784A05-AA1B-447F-BD6A-A78DEDA03D90}.Release|Any CPU.ActiveCfg = Release|Any CPU
		{BD784A05-AA1B-447F-BD6A-A78DEDA03D90}.Release|Any CPU.Build.0 = Release|Any CPU
	EndGlobalSection
	GlobalSection(SolutionProperties) = preSolution
		HideSolutionNode = FALSE
	EndGlobalSection
	GlobalSection(ExtensibilityGlobals) = postSolution
		SolutionGuid = {672E776F-334C-4FEC-AAE9-75B700936096}
	EndGlobalSection
EndGlobal
