
Microsoft Visual Studio Solution File, Format Version 12.00
# Visual Studio Version 16
VisualStudioVersion = 16.0.31424.327
MinimumVisualStudioVersion = 10.0.40219.1
Project("{FAE04EC0-301F-11D3-BF4B-00C04F79EFBC}") = "Ay Çiçeği Pansiyon Uygulaması V.1", "Ay Çiçeği Pansiyon Uygulaması V.1\Ay Çiçeği Pansiyon Uygulaması V.1.csproj", "{D5BD0818-D20D-43AE-840D-073AE2C84359}"
EndProject
Global
	GlobalSection(SolutionConfigurationPlatforms) = preSolution
		Debug|Any CPU = Debug|Any CPU
		Release|Any CPU = Release|Any CPU
	EndGlobalSection
	GlobalSection(ProjectConfigurationPlatforms) = postSolution
		{D5BD0818-D20D-43AE-840D-073AE2C84359}.Debug|Any CPU.ActiveCfg = Debug|Any CPU
		{D5BD0818-D20D-43AE-840D-073AE2C84359}.Debug|Any CPU.Build.0 = Debug|Any CPU
		{D5BD0818-D20D-43AE-840D-073AE2C84359}.Release|Any CPU.ActiveCfg = Release|Any CPU
		{D5BD0818-D20D-43AE-840D-073AE2C84359}.Release|Any CPU.Build.0 = Release|Any CPU
	EndGlobalSection
	GlobalSection(SolutionProperties) = preSolution
		HideSolutionNode = FALSE
	EndGlobalSection
	GlobalSection(ExtensibilityGlobals) = postSolution
		SolutionGuid = {3B3C40E3-BE15-467F-A09A-A41778235C02}
	EndGlobalSection
EndGlobal
