
Microsoft Visual Studio Solution File, Format Version 12.00
# Visual Studio Version 16
VisualStudioVersion = 16.0.31515.178
MinimumVisualStudioVersion = 10.0.40219.1
Project("{FAE04EC0-301F-11D3-BF4B-00C04F79EFBC}") = "Color Dialog Örnek", "Color Dialog Örnek\Color Dialog Örnek.csproj", "{F605DD62-420B-4A8A-B78C-7E1A810F0F83}"
EndProject
Project("{FAE04EC0-301F-11D3-BF4B-00C04F79EFBC}") = "Paint Uygulaması", "Paint Uygulaması\Paint Uygulaması.csproj", "{CDFD34CC-0DFE-41A7-A5B6-80504F888A8E}"
EndProject
Global
	GlobalSection(SolutionConfigurationPlatforms) = preSolution
		Debug|Any CPU = Debug|Any CPU
		Release|Any CPU = Release|Any CPU
	EndGlobalSection
	GlobalSection(ProjectConfigurationPlatforms) = postSolution
		{F605DD62-420B-4A8A-B78C-7E1A810F0F83}.Debug|Any CPU.ActiveCfg = Debug|Any CPU
		{F605DD62-420B-4A8A-B78C-7E1A810F0F83}.Debug|Any CPU.Build.0 = Debug|Any CPU
		{F605DD62-420B-4A8A-B78C-7E1A810F0F83}.Release|Any CPU.ActiveCfg = Release|Any CPU
		{F605DD62-420B-4A8A-B78C-7E1A810F0F83}.Release|Any CPU.Build.0 = Release|Any CPU
		{CDFD34CC-0DFE-41A7-A5B6-80504F888A8E}.Debug|Any CPU.ActiveCfg = Debug|Any CPU
		{CDFD34CC-0DFE-41A7-A5B6-80504F888A8E}.Debug|Any CPU.Build.0 = Debug|Any CPU
		{CDFD34CC-0DFE-41A7-A5B6-80504F888A8E}.Release|Any CPU.ActiveCfg = Release|Any CPU
		{CDFD34CC-0DFE-41A7-A5B6-80504F888A8E}.Release|Any CPU.Build.0 = Release|Any CPU
	EndGlobalSection
	GlobalSection(SolutionProperties) = preSolution
		HideSolutionNode = FALSE
	EndGlobalSection
	GlobalSection(ExtensibilityGlobals) = postSolution
		SolutionGuid = {C4DD5E22-C6E2-477D-8064-D4C6541EEFAA}
	EndGlobalSection
EndGlobal
