
Microsoft Visual Studio Solution File, Format Version 12.00
# Visual Studio Version 16
VisualStudioVersion = 16.0.31515.178
MinimumVisualStudioVersion = 10.0.40219.1
Project("{FAE04EC0-301F-11D3-BF4B-00C04F79EFBC}") = "Back Ground Worker", "Back Ground Worker\Back Ground Worker.csproj", "{01BFB184-50E7-47FB-80D9-DE08447125DA}"
EndProject
Global
	GlobalSection(SolutionConfigurationPlatforms) = preSolution
		Debug|Any CPU = Debug|Any CPU
		Release|Any CPU = Release|Any CPU
	EndGlobalSection
	GlobalSection(ProjectConfigurationPlatforms) = postSolution
		{01BFB184-50E7-47FB-80D9-DE08447125DA}.Debug|Any CPU.ActiveCfg = Debug|Any CPU
		{01BFB184-50E7-47FB-80D9-DE08447125DA}.Debug|Any CPU.Build.0 = Debug|Any CPU
		{01BFB184-50E7-47FB-80D9-DE08447125DA}.Release|Any CPU.ActiveCfg = Release|Any CPU
		{01BFB184-50E7-47FB-80D9-DE08447125DA}.Release|Any CPU.Build.0 = Release|Any CPU
	EndGlobalSection
	GlobalSection(SolutionProperties) = preSolution
		HideSolutionNode = FALSE
	EndGlobalSection
	GlobalSection(ExtensibilityGlobals) = postSolution
		SolutionGuid = {7E57F9B8-322D-460B-B068-DFB76F3248AE}
	EndGlobalSection
EndGlobal
