
Microsoft Visual Studio Solution File, Format Version 12.00
# Visual Studio Version 17
VisualStudioVersion = 17.4.33122.133
MinimumVisualStudioVersion = 10.0.40219.1
Project("{FAE04EC0-301F-11D3-BF4B-00C04F79EFBC}") = "Keyless_Entity_Types", "Keyless_Entity_Types\Keyless_Entity_Types.csproj", "{6A282C0D-7C51-4BAF-8544-5FB62D1ABE84}"
EndProject
Global
	GlobalSection(SolutionConfigurationPlatforms) = preSolution
		Debug|Any CPU = Debug|Any CPU
		Release|Any CPU = Release|Any CPU
	EndGlobalSection
	GlobalSection(ProjectConfigurationPlatforms) = postSolution
		{6A282C0D-7C51-4BAF-8544-5FB62D1ABE84}.Debug|Any CPU.ActiveCfg = Debug|Any CPU
		{6A282C0D-7C51-4BAF-8544-5FB62D1ABE84}.Debug|Any CPU.Build.0 = Debug|Any CPU
		{6A282C0D-7C51-4BAF-8544-5FB62D1ABE84}.Release|Any CPU.ActiveCfg = Release|Any CPU
		{6A282C0D-7C51-4BAF-8544-5FB62D1ABE84}.Release|Any CPU.Build.0 = Release|Any CPU
	EndGlobalSection
	GlobalSection(SolutionProperties) = preSolution
		HideSolutionNode = FALSE
	EndGlobalSection
	GlobalSection(ExtensibilityGlobals) = postSolution
		SolutionGuid = {43FA42AF-095D-4AE5-BA4B-DBF9DA81EC60}
	EndGlobalSection
EndGlobal
