
Microsoft Visual Studio Solution File, Format Version 12.00
# Visual Studio Version 17
VisualStudioVersion = 17.3.32929.385
MinimumVisualStudioVersion = 10.0.40219.1
Project("{FAE04EC0-301F-11D3-BF4B-00C04F79EFBC}") = "Saving_Related_Data", "Saving_Related_Data\Saving_Related_Data.csproj", "{F346EC7A-41FD-4BDA-9123-62C0FF367AA3}"
EndProject
Global
	GlobalSection(SolutionConfigurationPlatforms) = preSolution
		Debug|Any CPU = Debug|Any CPU
		Release|Any CPU = Release|Any CPU
	EndGlobalSection
	GlobalSection(ProjectConfigurationPlatforms) = postSolution
		{F346EC7A-41FD-4BDA-9123-62C0FF367AA3}.Debug|Any CPU.ActiveCfg = Debug|Any CPU
		{F346EC7A-41FD-4BDA-9123-62C0FF367AA3}.Debug|Any CPU.Build.0 = Debug|Any CPU
		{F346EC7A-41FD-4BDA-9123-62C0FF367AA3}.Release|Any CPU.ActiveCfg = Release|Any CPU
		{F346EC7A-41FD-4BDA-9123-62C0FF367AA3}.Release|Any CPU.Build.0 = Release|Any CPU
	EndGlobalSection
	GlobalSection(SolutionProperties) = preSolution
		HideSolutionNode = FALSE
	EndGlobalSection
	GlobalSection(ExtensibilityGlobals) = postSolution
		SolutionGuid = {557E6983-C7CC-4B3B-A889-751504981B6A}
	EndGlobalSection
EndGlobal
