
Microsoft Visual Studio Solution File, Format Version 12.00
# Visual Studio Version 17
VisualStudioVersion = 17.0.31521.260
MinimumVisualStudioVersion = 10.0.40219.1
Project("{FAE04EC0-301F-11D3-BF4B-00C04F79EFBC}") = "Diziler-1", "Diziler-1\Diziler-1.csproj", "{6BBF4265-593B-4ED1-AD9D-E23667F3B803}"
EndProject
Project("{FAE04EC0-301F-11D3-BF4B-00C04F79EFBC}") = "Diziler-2", "Diziler-2\Diziler-2.csproj", "{670F9A99-3535-4E1F-917A-CC3D55A830DB}"
EndProject
Project("{FAE04EC0-301F-11D3-BF4B-00C04F79EFBC}") = "Diziler-3", "Diziler-3\Diziler-3.csproj", "{D16ED35F-551E-481F-8F86-13DB2D2F15BF}"
EndProject
Global
	GlobalSection(SolutionConfigurationPlatforms) = preSolution
		Debug|Any CPU = Debug|Any CPU
		Release|Any CPU = Release|Any CPU
	EndGlobalSection
	GlobalSection(ProjectConfigurationPlatforms) = postSolution
		{6BBF4265-593B-4ED1-AD9D-E23667F3B803}.Debug|Any CPU.ActiveCfg = Debug|Any CPU
		{6BBF4265-593B-4ED1-AD9D-E23667F3B803}.Debug|Any CPU.Build.0 = Debug|Any CPU
		{6BBF4265-593B-4ED1-AD9D-E23667F3B803}.Release|Any CPU.ActiveCfg = Release|Any CPU
		{6BBF4265-593B-4ED1-AD9D-E23667F3B803}.Release|Any CPU.Build.0 = Release|Any CPU
		{670F9A99-3535-4E1F-917A-CC3D55A830DB}.Debug|Any CPU.ActiveCfg = Debug|Any CPU
		{670F9A99-3535-4E1F-917A-CC3D55A830DB}.Debug|Any CPU.Build.0 = Debug|Any CPU
		{670F9A99-3535-4E1F-917A-CC3D55A830DB}.Release|Any CPU.ActiveCfg = Release|Any CPU
		{670F9A99-3535-4E1F-917A-CC3D55A830DB}.Release|Any CPU.Build.0 = Release|Any CPU
		{D16ED35F-551E-481F-8F86-13DB2D2F15BF}.Debug|Any CPU.ActiveCfg = Debug|Any CPU
		{D16ED35F-551E-481F-8F86-13DB2D2F15BF}.Debug|Any CPU.Build.0 = Debug|Any CPU
		{D16ED35F-551E-481F-8F86-13DB2D2F15BF}.Release|Any CPU.ActiveCfg = Release|Any CPU
		{D16ED35F-551E-481F-8F86-13DB2D2F15BF}.Release|Any CPU.Build.0 = Release|Any CPU
	EndGlobalSection
	GlobalSection(SolutionProperties) = preSolution
		HideSolutionNode = FALSE
	EndGlobalSection
	GlobalSection(ExtensibilityGlobals) = postSolution
		SolutionGuid = {12536BBF-A37F-440F-BFEA-BF434B81FBDF}
	EndGlobalSection
EndGlobal
