
Microsoft Visual Studio Solution File, Format Version 12.00
# Visual Studio Version 17
VisualStudioVersion = 17.0.31612.314
MinimumVisualStudioVersion = 10.0.40219.1
Project("{FAE04EC0-301F-11D3-BF4B-00C04F79EFBC}") = "Ders 26 List Yapısı ve Örnekleri", "Ders 26 List Yapısı ve Örnekleri\Ders 26 List Yapısı ve Örnekleri.csproj", "{B882F3E9-7C29-4C9B-879E-BD56EC75B701}"
EndProject
Global
	GlobalSection(SolutionConfigurationPlatforms) = preSolution
		Debug|Any CPU = Debug|Any CPU
		Release|Any CPU = Release|Any CPU
	EndGlobalSection
	GlobalSection(ProjectConfigurationPlatforms) = postSolution
		{B882F3E9-7C29-4C9B-879E-BD56EC75B701}.Debug|Any CPU.ActiveCfg = Debug|Any CPU
		{B882F3E9-7C29-4C9B-879E-BD56EC75B701}.Debug|Any CPU.Build.0 = Debug|Any CPU
		{B882F3E9-7C29-4C9B-879E-BD56EC75B701}.Release|Any CPU.ActiveCfg = Release|Any CPU
		{B882F3E9-7C29-4C9B-879E-BD56EC75B701}.Release|Any CPU.Build.0 = Release|Any CPU
	EndGlobalSection
	GlobalSection(SolutionProperties) = preSolution
		HideSolutionNode = FALSE
	EndGlobalSection
	GlobalSection(ExtensibilityGlobals) = postSolution
		SolutionGuid = {D5C0E9DE-F978-49F5-9D14-6E86DB077E83}
	EndGlobalSection
EndGlobal
