
Microsoft Visual Studio Solution File, Format Version 12.00
# Visual Studio Version 17
VisualStudioVersion = 17.0.31612.314
MinimumVisualStudioVersion = 10.0.40219.1
Project("{FAE04EC0-301F-11D3-BF4B-00C04F79EFBC}") = "EntitySonKisim", "EntitySonKisim\EntitySonKisim.csproj", "{DA942421-6F6A-46D2-81C5-71357AE29C67}"
EndProject
Global
	GlobalSection(SolutionConfigurationPlatforms) = preSolution
		Debug|Any CPU = Debug|Any CPU
		Release|Any CPU = Release|Any CPU
	EndGlobalSection
	GlobalSection(ProjectConfigurationPlatforms) = postSolution
		{DA942421-6F6A-46D2-81C5-71357AE29C67}.Debug|Any CPU.ActiveCfg = Debug|Any CPU
		{DA942421-6F6A-46D2-81C5-71357AE29C67}.Debug|Any CPU.Build.0 = Debug|Any CPU
		{DA942421-6F6A-46D2-81C5-71357AE29C67}.Release|Any CPU.ActiveCfg = Release|Any CPU
		{DA942421-6F6A-46D2-81C5-71357AE29C67}.Release|Any CPU.Build.0 = Release|Any CPU
	EndGlobalSection
	GlobalSection(SolutionProperties) = preSolution
		HideSolutionNode = FALSE
	EndGlobalSection
	GlobalSection(ExtensibilityGlobals) = postSolution
		SolutionGuid = {373B4D20-1272-48A5-97A0-9C2E4D2C287D}
	EndGlobalSection
EndGlobal
