
Microsoft Visual Studio Solution File, Format Version 12.00
# Visual Studio Version 17
VisualStudioVersion = 17.3.32811.315
MinimumVisualStudioVersion = 10.0.40219.1
Project("{FAE04EC0-301F-11D3-BF4B-00C04F79EFBC}") = "Object", "Object.csproj", "{444D8941-E246-4ACF-B052-A861E22EA1F0}"
EndProject
Global
	GlobalSection(SolutionConfigurationPlatforms) = preSolution
		Debug|Any CPU = Debug|Any CPU
		Release|Any CPU = Release|Any CPU
	EndGlobalSection
	GlobalSection(ProjectConfigurationPlatforms) = postSolution
		{444D8941-E246-4ACF-B052-A861E22EA1F0}.Debug|Any CPU.ActiveCfg = Debug|Any CPU
		{444D8941-E246-4ACF-B052-A861E22EA1F0}.Debug|Any CPU.Build.0 = Debug|Any CPU
		{444D8941-E246-4ACF-B052-A861E22EA1F0}.Release|Any CPU.ActiveCfg = Release|Any CPU
		{444D8941-E246-4ACF-B052-A861E22EA1F0}.Release|Any CPU.Build.0 = Release|Any CPU
	EndGlobalSection
	GlobalSection(SolutionProperties) = preSolution
		HideSolutionNode = FALSE
	EndGlobalSection
	GlobalSection(ExtensibilityGlobals) = postSolution
		SolutionGuid = {ACA3BF6E-DF63-4316-8F89-2CCB2537D0D2}
	EndGlobalSection
EndGlobal
