
Microsoft Visual Studio Solution File, Format Version 12.00
# Visual Studio Version 16
VisualStudioVersion = 16.0.31729.503
MinimumVisualStudioVersion = 10.0.40219.1
Project("{FAE04EC0-301F-11D3-BF4B-00C04F79EFBC}") = "Mvc_Ogrenci_Kayit", "Mvc_Ogrenci_Kayit\Mvc_Ogrenci_Kayit.csproj", "{2B2A5533-8AD4-4947-9154-B74D8B9E314A}"
EndProject
Global
	GlobalSection(SolutionConfigurationPlatforms) = preSolution
		Debug|Any CPU = Debug|Any CPU
		Release|Any CPU = Release|Any CPU
	EndGlobalSection
	GlobalSection(ProjectConfigurationPlatforms) = postSolution
		{2B2A5533-8AD4-4947-9154-B74D8B9E314A}.Debug|Any CPU.ActiveCfg = Debug|Any CPU
		{2B2A5533-8AD4-4947-9154-B74D8B9E314A}.Debug|Any CPU.Build.0 = Debug|Any CPU
		{2B2A5533-8AD4-4947-9154-B74D8B9E314A}.Release|Any CPU.ActiveCfg = Release|Any CPU
		{2B2A5533-8AD4-4947-9154-B74D8B9E314A}.Release|Any CPU.Build.0 = Release|Any CPU
	EndGlobalSection
	GlobalSection(SolutionProperties) = preSolution
		HideSolutionNode = FALSE
	EndGlobalSection
	GlobalSection(ExtensibilityGlobals) = postSolution
		SolutionGuid = {46ECF4FC-5874-487F-8021-1F9F02AE610A}
	EndGlobalSection
EndGlobal
