
Microsoft Visual Studio Solution File, Format Version 12.00
# Visual Studio Version 17
VisualStudioVersion = 17.0.31612.314
MinimumVisualStudioVersion = 10.0.40219.1
Project("{FAE04EC0-301F-11D3-BF4B-00C04F79EFBC}") = "Ders8 Dışarıdan Bağlantı Adresi Alma SQL", "Ders8 Dışarıdan Bağlantı Adresi Alma SQL\Ders8 Dışarıdan Bağlantı Adresi Alma SQL.csproj", "{7B1F6598-5A18-49B5-823B-F34E61310636}"
EndProject
Global
	GlobalSection(SolutionConfigurationPlatforms) = preSolution
		Debug|Any CPU = Debug|Any CPU
		Release|Any CPU = Release|Any CPU
	EndGlobalSection
	GlobalSection(ProjectConfigurationPlatforms) = postSolution
		{7B1F6598-5A18-49B5-823B-F34E61310636}.Debug|Any CPU.ActiveCfg = Debug|Any CPU
		{7B1F6598-5A18-49B5-823B-F34E61310636}.Debug|Any CPU.Build.0 = Debug|Any CPU
		{7B1F6598-5A18-49B5-823B-F34E61310636}.Release|Any CPU.ActiveCfg = Release|Any CPU
		{7B1F6598-5A18-49B5-823B-F34E61310636}.Release|Any CPU.Build.0 = Release|Any CPU
	EndGlobalSection
	GlobalSection(SolutionProperties) = preSolution
		HideSolutionNode = FALSE
	EndGlobalSection
	GlobalSection(ExtensibilityGlobals) = postSolution
		SolutionGuid = {D4A0620E-FF65-487F-A198-823707CA01AA}
	EndGlobalSection
EndGlobal
