
Microsoft Visual Studio Solution File, Format Version 12.00
# Visual Studio Version 17
VisualStudioVersion = 17.0.31521.260
MinimumVisualStudioVersion = 10.0.40219.1
Project("{FAE04EC0-301F-11D3-BF4B-00C04F79EFBC}") = "Analog Saat", "Analog Saat\Analog Saat.csproj", "{F14B5765-B324-4250-96CB-863B52879430}"
EndProject
Global
	GlobalSection(SolutionConfigurationPlatforms) = preSolution
		Debug|Any CPU = Debug|Any CPU
		Release|Any CPU = Release|Any CPU
	EndGlobalSection
	GlobalSection(ProjectConfigurationPlatforms) = postSolution
		{F14B5765-B324-4250-96CB-863B52879430}.Debug|Any CPU.ActiveCfg = Debug|Any CPU
		{F14B5765-B324-4250-96CB-863B52879430}.Debug|Any CPU.Build.0 = Debug|Any CPU
		{F14B5765-B324-4250-96CB-863B52879430}.Release|Any CPU.ActiveCfg = Release|Any CPU
		{F14B5765-B324-4250-96CB-863B52879430}.Release|Any CPU.Build.0 = Release|Any CPU
	EndGlobalSection
	GlobalSection(SolutionProperties) = preSolution
		HideSolutionNode = FALSE
	EndGlobalSection
	GlobalSection(ExtensibilityGlobals) = postSolution
		SolutionGuid = {9B986D63-B366-4960-B8B2-03D608873508}
	EndGlobalSection
EndGlobal
