
Microsoft Visual Studio Solution File, Format Version 12.00
# Visual Studio Version 16
VisualStudioVersion = 16.0.31702.278
MinimumVisualStudioVersion = 10.0.40219.1
Project("{FAE04EC0-301F-11D3-BF4B-00C04F79EFBC}") = "is_takip_proje", "is_takip_proje\is_takip_proje.csproj", "{31107674-8244-403A-A933-B8A456E6AAA1}"
EndProject
Global
	GlobalSection(SolutionConfigurationPlatforms) = preSolution
		Debug|Any CPU = Debug|Any CPU
		Release|Any CPU = Release|Any CPU
	EndGlobalSection
	GlobalSection(ProjectConfigurationPlatforms) = postSolution
		{31107674-8244-403A-A933-B8A456E6AAA1}.Debug|Any CPU.ActiveCfg = Debug|Any CPU
		{31107674-8244-403A-A933-B8A456E6AAA1}.Debug|Any CPU.Build.0 = Debug|Any CPU
		{31107674-8244-403A-A933-B8A456E6AAA1}.Release|Any CPU.ActiveCfg = Release|Any CPU
		{31107674-8244-403A-A933-B8A456E6AAA1}.Release|Any CPU.Build.0 = Release|Any CPU
	EndGlobalSection
	GlobalSection(SolutionProperties) = preSolution
		HideSolutionNode = FALSE
	EndGlobalSection
	GlobalSection(ExtensibilityGlobals) = postSolution
		SolutionGuid = {243BFD6D-E35F-4EA4-8B45-E9A0140ED162}
	EndGlobalSection
EndGlobal
