
Microsoft Visual Studio Solution File, Format Version 12.00
# Visual Studio Version 17
VisualStudioVersion = 17.0.31612.314
MinimumVisualStudioVersion = 10.0.40219.1
Project("{FAE04EC0-301F-11D3-BF4B-00C04F79EFBC}") = "Ders10 Geri Değer Döndüren Metotlar", "Ders10 Geri Değer Döndüren Metotlar\Ders10 Geri Değer Döndüren Metotlar.csproj", "{76CEA19C-07FE-4A68-A226-336479B8255F}"
EndProject
Global
	GlobalSection(SolutionConfigurationPlatforms) = preSolution
		Debug|Any CPU = Debug|Any CPU
		Release|Any CPU = Release|Any CPU
	EndGlobalSection
	GlobalSection(ProjectConfigurationPlatforms) = postSolution
		{76CEA19C-07FE-4A68-A226-336479B8255F}.Debug|Any CPU.ActiveCfg = Debug|Any CPU
		{76CEA19C-07FE-4A68-A226-336479B8255F}.Debug|Any CPU.Build.0 = Debug|Any CPU
		{76CEA19C-07FE-4A68-A226-336479B8255F}.Release|Any CPU.ActiveCfg = Release|Any CPU
		{76CEA19C-07FE-4A68-A226-336479B8255F}.Release|Any CPU.Build.0 = Release|Any CPU
	EndGlobalSection
	GlobalSection(SolutionProperties) = preSolution
		HideSolutionNode = FALSE
	EndGlobalSection
	GlobalSection(ExtensibilityGlobals) = postSolution
		SolutionGuid = {6710F84F-01A7-44B8-B197-162E820669FD}
	EndGlobalSection
EndGlobal
