
Microsoft Visual Studio Solution File, Format Version 12.00
# Visual Studio Version 17
VisualStudioVersion = 17.0.31521.260
MinimumVisualStudioVersion = 10.0.40219.1
Project("{FAE04EC0-301F-11D3-BF4B-00C04F79EFBC}") = "Site Emlak Programı", "Site Emlak Programı\Site Emlak Programı.csproj", "{DBE51EAE-EA6D-4D08-9A72-42B164ED6C6D}"
EndProject
Global
	GlobalSection(SolutionConfigurationPlatforms) = preSolution
		Debug|Any CPU = Debug|Any CPU
		Release|Any CPU = Release|Any CPU
	EndGlobalSection
	GlobalSection(ProjectConfigurationPlatforms) = postSolution
		{DBE51EAE-EA6D-4D08-9A72-42B164ED6C6D}.Debug|Any CPU.ActiveCfg = Debug|Any CPU
		{DBE51EAE-EA6D-4D08-9A72-42B164ED6C6D}.Debug|Any CPU.Build.0 = Debug|Any CPU
		{DBE51EAE-EA6D-4D08-9A72-42B164ED6C6D}.Release|Any CPU.ActiveCfg = Release|Any CPU
		{DBE51EAE-EA6D-4D08-9A72-42B164ED6C6D}.Release|Any CPU.Build.0 = Release|Any CPU
	EndGlobalSection
	GlobalSection(SolutionProperties) = preSolution
		HideSolutionNode = FALSE
	EndGlobalSection
	GlobalSection(ExtensibilityGlobals) = postSolution
		SolutionGuid = {61C657A6-1A39-4084-815C-1F4FF9E59688}
	EndGlobalSection
EndGlobal
