
Microsoft Visual Studio Solution File, Format Version 12.00
# Visual Studio Version 17
VisualStudioVersion = 17.3.32929.385
MinimumVisualStudioVersion = 10.0.40219.1
Project("{FAE04EC0-301F-11D3-BF4B-00C04F79EFBC}") = "Backing_Fields", "Backing_Fields\Backing_Fields.csproj", "{256B10B1-7BED-425C-9FAC-E28DCD0273D9}"
EndProject
Global
	GlobalSection(SolutionConfigurationPlatforms) = preSolution
		Debug|Any CPU = Debug|Any CPU
		Release|Any CPU = Release|Any CPU
	EndGlobalSection
	GlobalSection(ProjectConfigurationPlatforms) = postSolution
		{256B10B1-7BED-425C-9FAC-E28DCD0273D9}.Debug|Any CPU.ActiveCfg = Debug|Any CPU
		{256B10B1-7BED-425C-9FAC-E28DCD0273D9}.Debug|Any CPU.Build.0 = Debug|Any CPU
		{256B10B1-7BED-425C-9FAC-E28DCD0273D9}.Release|Any CPU.ActiveCfg = Release|Any CPU
		{256B10B1-7BED-425C-9FAC-E28DCD0273D9}.Release|Any CPU.Build.0 = Release|Any CPU
	EndGlobalSection
	GlobalSection(SolutionProperties) = preSolution
		HideSolutionNode = FALSE
	EndGlobalSection
	GlobalSection(ExtensibilityGlobals) = postSolution
		SolutionGuid = {32AE05B6-C269-4F32-AC7A-B00D23CF2A41}
	EndGlobalSection
EndGlobal
