
Microsoft Visual Studio Solution File, Format Version 12.00
# Visual Studio Version 16
VisualStudioVersion = 16.0.31515.178
MinimumVisualStudioVersion = 10.0.40219.1
Project("{FAE04EC0-301F-11D3-BF4B-00C04F79EFBC}") = "Klasör İşlemleri", "Klasör İşlemleri\Klasör İşlemleri.csproj", "{DF199CD5-6539-4E33-9977-BA2E511ED60E}"
EndProject
Global
	GlobalSection(SolutionConfigurationPlatforms) = preSolution
		Debug|Any CPU = Debug|Any CPU
		Release|Any CPU = Release|Any CPU
	EndGlobalSection
	GlobalSection(ProjectConfigurationPlatforms) = postSolution
		{DF199CD5-6539-4E33-9977-BA2E511ED60E}.Debug|Any CPU.ActiveCfg = Debug|Any CPU
		{DF199CD5-6539-4E33-9977-BA2E511ED60E}.Debug|Any CPU.Build.0 = Debug|Any CPU
		{DF199CD5-6539-4E33-9977-BA2E511ED60E}.Release|Any CPU.ActiveCfg = Release|Any CPU
		{DF199CD5-6539-4E33-9977-BA2E511ED60E}.Release|Any CPU.Build.0 = Release|Any CPU
	EndGlobalSection
	GlobalSection(SolutionProperties) = preSolution
		HideSolutionNode = FALSE
	EndGlobalSection
	GlobalSection(ExtensibilityGlobals) = postSolution
		SolutionGuid = {7E6E1C47-0C6E-47E4-A640-13A22FEE82C9}
	EndGlobalSection
EndGlobal
