
Microsoft Visual Studio Solution File, Format Version 12.00
# Visual Studio Version 17
VisualStudioVersion = 17.3.32929.385
MinimumVisualStudioVersion = 10.0.40219.1
Project("{FAE04EC0-301F-11D3-BF4B-00C04F79EFBC}") = "Querying", "Querying\Querying.csproj", "{4D5149DA-EEE8-49CE-A6BD-963E09DDEE6F}"
EndProject
Global
	GlobalSection(SolutionConfigurationPlatforms) = preSolution
		Debug|Any CPU = Debug|Any CPU
		Release|Any CPU = Release|Any CPU
	EndGlobalSection
	GlobalSection(ProjectConfigurationPlatforms) = postSolution
		{4D5149DA-EEE8-49CE-A6BD-963E09DDEE6F}.Debug|Any CPU.ActiveCfg = Debug|Any CPU
		{4D5149DA-EEE8-49CE-A6BD-963E09DDEE6F}.Debug|Any CPU.Build.0 = Debug|Any CPU
		{4D5149DA-EEE8-49CE-A6BD-963E09DDEE6F}.Release|Any CPU.ActiveCfg = Release|Any CPU
		{4D5149DA-EEE8-49CE-A6BD-963E09DDEE6F}.Release|Any CPU.Build.0 = Release|Any CPU
	EndGlobalSection
	GlobalSection(SolutionProperties) = preSolution
		HideSolutionNode = FALSE
	EndGlobalSection
	GlobalSection(ExtensibilityGlobals) = postSolution
		SolutionGuid = {93BCF495-2934-40F4-B9A0-F45E85726BE9}
	EndGlobalSection
EndGlobal
